
Microsoft Visual Studio Solution File, Format Version 10.00
# Visual Studio 2008
Project("{8BC9CEB8-8B4A-11D0-8D11-00A0C91BC942}") = "TapeReader", "TapeReader\TapeReader.vcproj", "{F0BF4F84-45E6-439B-937D-7DCA29BB8A78}"
	ProjectSection(ProjectDependencies) = postProject
		{23192E89-C17F-4C84-B35C-3677927D64A6} = {23192E89-C17F-4C84-B35C-3677927D64A6}
		{F03F73EA-DF5F-48DA-ABAE-A860BCEE54D4} = {F03F73EA-DF5F-48DA-ABAE-A860BCEE54D4}
		{DF7C1FF7-075F-4DCC-8E43-0C704AD54163} = {DF7C1FF7-075F-4DCC-8E43-0C704AD54163}
	EndProjectSection
EndProject
Project("{8BC9CEB8-8B4A-11D0-8D11-00A0C91BC942}") = "LibCommon", "LibCommon\LibCommon.vcproj", "{F03F73EA-DF5F-48DA-ABAE-A860BCEE54D4}"
EndProject
Project("{2150E333-8FDC-42A3-9474-1A3956D46DE8}") = "Solution Items", "Solution Items", "{ED787B62-84C8-4B83-86CB-5D2115DD7A79}"
	ProjectSection(SolutionItems) = preProject
		BuildNotes.txt = BuildNotes.txt
		gpl3.txt = gpl3.txt
		LICENSE.txt = LICENSE.txt
		symbol stats.txt = symbol stats.txt
	EndProjectSection
EndProject
Project("{8BC9CEB8-8B4A-11D0-8D11-00A0C91BC942}") = "LibWtlCommon", "LibWtlCommon\LibWtlCommon.vcproj", "{DF7C1FF7-075F-4DCC-8E43-0C704AD54163}"
EndProject
Project("{8BC9CEB8-8B4A-11D0-8D11-00A0C91BC942}") = "LibIQFeed", "LibIQFeed\LibIQFeed.vcproj", "{23192E89-C17F-4C84-B35C-3677927D64A6}"
	ProjectSection(ProjectDependencies) = postProject
		{11243A27-764A-4119-BEFF-A8A80FD615EC} = {11243A27-764A-4119-BEFF-A8A80FD615EC}
		{DF7C1FF7-075F-4DCC-8E43-0C704AD54163} = {DF7C1FF7-075F-4DCC-8E43-0C704AD54163}
	EndProjectSection
EndProject
Project("{8BC9CEB8-8B4A-11D0-8D11-00A0C91BC942}") = "NewsReader", "NewsReader\NewsReader.vcproj", "{081EBC65-07A2-4298-9D6F-E32FEF3A8EBD}"
	ProjectSection(ProjectDependencies) = postProject
		{23192E89-C17F-4C84-B35C-3677927D64A6} = {23192E89-C17F-4C84-B35C-3677927D64A6}
		{F03F73EA-DF5F-48DA-ABAE-A860BCEE54D4} = {F03F73EA-DF5F-48DA-ABAE-A860BCEE54D4}
		{DF7C1FF7-075F-4DCC-8E43-0C704AD54163} = {DF7C1FF7-075F-4DCC-8E43-0C704AD54163}
	EndProjectSection
EndProject
Project("{8BC9CEB8-8B4A-11D0-8D11-00A0C91BC942}") = "LibTrading", "LibTrading\LibTrading.vcproj", "{11243A27-764A-4119-BEFF-A8A80FD615EC}"
	ProjectSection(ProjectDependencies) = postProject
		{3FCEB045-314A-49F5-A0D1-B6985F2C9399} = {3FCEB045-314A-49F5-A0D1-B6985F2C9399}
	EndProjectSection
EndProject
Project("{8BC9CEB8-8B4A-11D0-8D11-00A0C91BC942}") = "LibBerkeleyDb", "LibBerkeleyDb\LibBerkeleyDb.vcproj", "{3FCEB045-314A-49F5-A0D1-B6985F2C9399}"
EndProject
Project("{8BC9CEB8-8B4A-11D0-8D11-00A0C91BC942}") = "ImportIQFeedSymbolFile", "ImportIQFeedSymbolFile\ImportIQFeedSymbolFile.vcproj", "{BE7441D9-D52F-4777-A6F4-0F5CC29578E8}"
	ProjectSection(ProjectDependencies) = postProject
		{3FCEB045-314A-49F5-A0D1-B6985F2C9399} = {3FCEB045-314A-49F5-A0D1-B6985F2C9399}
		{23192E89-C17F-4C84-B35C-3677927D64A6} = {23192E89-C17F-4C84-B35C-3677927D64A6}
	EndProjectSection
EndProject
Project("{8BC9CEB8-8B4A-11D0-8D11-00A0C91BC942}") = "LibTimeSeries", "LibTimeSeries\LibTimeSeries.vcproj", "{6AE9A695-3B0C-46C2-B363-7125C955BCF0}"
EndProject
Project("{8BC9CEB8-8B4A-11D0-8D11-00A0C91BC942}") = "LibHDF5TimeSeries", "LibHDF5TimeSeries\LibHDF5TimeSeries.vcproj", "{12CC3456-56CB-4AC1-979F-B6B73BB47929}"
EndProject
Project("{8BC9CEB8-8B4A-11D0-8D11-00A0C91BC942}") = "LibSimulation", "LibSimulation\LibSimulation.vcproj", "{DF661922-9273-42E4-B0E6-3DBDA89A4D3A}"
EndProject
Project("{8BC9CEB8-8B4A-11D0-8D11-00A0C91BC942}") = "IQFeedGetHistory", "IQFeedGetHistory\IQFeedGetHistory.vcproj", "{11240329-A854-4462-92A1-53249FECAC8D}"
	ProjectSection(ProjectDependencies) = postProject
		{11243A27-764A-4119-BEFF-A8A80FD615EC} = {11243A27-764A-4119-BEFF-A8A80FD615EC}
		{3FCEB045-314A-49F5-A0D1-B6985F2C9399} = {3FCEB045-314A-49F5-A0D1-B6985F2C9399}
		{12CC3456-56CB-4AC1-979F-B6B73BB47929} = {12CC3456-56CB-4AC1-979F-B6B73BB47929}
		{6AE9A695-3B0C-46C2-B363-7125C955BCF0} = {6AE9A695-3B0C-46C2-B363-7125C955BCF0}
	EndProjectSection
EndProject
Project("{8BC9CEB8-8B4A-11D0-8D11-00A0C91BC942}") = "LibIndicators", "LibIndicators\LibIndicators.vcproj", "{662ACE5B-9B25-4BD7-9656-EC8815723EBB}"
EndProject
Project("{8BC9CEB8-8B4A-11D0-8D11-00A0C91BC942}") = "TradeYM", "TradeYM\TradeYM.vcproj", "{CF143A08-F85A-44E3-9E91-529F7CFA4379}"
	ProjectSection(ProjectDependencies) = postProject
		{662ACE5B-9B25-4BD7-9656-EC8815723EBB} = {662ACE5B-9B25-4BD7-9656-EC8815723EBB}
		{23192E89-C17F-4C84-B35C-3677927D64A6} = {23192E89-C17F-4C84-B35C-3677927D64A6}
		{22BF5BE7-74F6-462A-A01F-E543825C0290} = {22BF5BE7-74F6-462A-A01F-E543825C0290}
		{F03F73EA-DF5F-48DA-ABAE-A860BCEE54D4} = {F03F73EA-DF5F-48DA-ABAE-A860BCEE54D4}
	EndProjectSection
EndProject
Project("{8BC9CEB8-8B4A-11D0-8D11-00A0C91BC942}") = "LibInteractiveBrokers", "LibInteractiveBrokers\LibInteractiveBrokers.vcproj", "{22BF5BE7-74F6-462A-A01F-E543825C0290}"
EndProject
Project("{8BC9CEB8-8B4A-11D0-8D11-00A0C91BC942}") = "LibWtlHeaders", "LibWtlHeaders\LibWtlHeaders.vcproj", "{59B836F9-5799-4F25-82EB-F4C9F180CD94}"
EndProject
Global
	GlobalSection(SolutionConfigurationPlatforms) = preSolution
		Debug|Win32 = Debug|Win32
		Release|Win32 = Release|Win32
	EndGlobalSection
	GlobalSection(ProjectConfigurationPlatforms) = postSolution
		{F0BF4F84-45E6-439B-937D-7DCA29BB8A78}.Debug|Win32.ActiveCfg = Debug|Win32
		{F0BF4F84-45E6-439B-937D-7DCA29BB8A78}.Debug|Win32.Build.0 = Debug|Win32
		{F0BF4F84-45E6-439B-937D-7DCA29BB8A78}.Release|Win32.ActiveCfg = Release|Win32
		{F0BF4F84-45E6-439B-937D-7DCA29BB8A78}.Release|Win32.Build.0 = Release|Win32
		{F03F73EA-DF5F-48DA-ABAE-A860BCEE54D4}.Debug|Win32.ActiveCfg = Debug|Win32
		{F03F73EA-DF5F-48DA-ABAE-A860BCEE54D4}.Debug|Win32.Build.0 = Debug|Win32
		{F03F73EA-DF5F-48DA-ABAE-A860BCEE54D4}.Release|Win32.ActiveCfg = Release|Win32
		{F03F73EA-DF5F-48DA-ABAE-A860BCEE54D4}.Release|Win32.Build.0 = Release|Win32
		{DF7C1FF7-075F-4DCC-8E43-0C704AD54163}.Debug|Win32.ActiveCfg = Debug|Win32
		{DF7C1FF7-075F-4DCC-8E43-0C704AD54163}.Debug|Win32.Build.0 = Debug|Win32
		{DF7C1FF7-075F-4DCC-8E43-0C704AD54163}.Release|Win32.ActiveCfg = Release|Win32
		{DF7C1FF7-075F-4DCC-8E43-0C704AD54163}.Release|Win32.Build.0 = Release|Win32
		{23192E89-C17F-4C84-B35C-3677927D64A6}.Debug|Win32.ActiveCfg = Debug|Win32
		{23192E89-C17F-4C84-B35C-3677927D64A6}.Debug|Win32.Build.0 = Debug|Win32
		{23192E89-C17F-4C84-B35C-3677927D64A6}.Release|Win32.ActiveCfg = Release|Win32
		{23192E89-C17F-4C84-B35C-3677927D64A6}.Release|Win32.Build.0 = Release|Win32
		{081EBC65-07A2-4298-9D6F-E32FEF3A8EBD}.Debug|Win32.ActiveCfg = Debug|Win32
		{081EBC65-07A2-4298-9D6F-E32FEF3A8EBD}.Debug|Win32.Build.0 = Debug|Win32
		{081EBC65-07A2-4298-9D6F-E32FEF3A8EBD}.Release|Win32.ActiveCfg = Release|Win32
		{081EBC65-07A2-4298-9D6F-E32FEF3A8EBD}.Release|Win32.Build.0 = Release|Win32
		{11243A27-764A-4119-BEFF-A8A80FD615EC}.Debug|Win32.ActiveCfg = Debug|Win32
		{11243A27-764A-4119-BEFF-A8A80FD615EC}.Debug|Win32.Build.0 = Debug|Win32
		{11243A27-764A-4119-BEFF-A8A80FD615EC}.Release|Win32.ActiveCfg = Release|Win32
		{11243A27-764A-4119-BEFF-A8A80FD615EC}.Release|Win32.Build.0 = Release|Win32
		{3FCEB045-314A-49F5-A0D1-B6985F2C9399}.Debug|Win32.ActiveCfg = Debug|Win32
		{3FCEB045-314A-49F5-A0D1-B6985F2C9399}.Debug|Win32.Build.0 = Debug|Win32
		{3FCEB045-314A-49F5-A0D1-B6985F2C9399}.Release|Win32.ActiveCfg = Release|Win32
		{3FCEB045-314A-49F5-A0D1-B6985F2C9399}.Release|Win32.Build.0 = Release|Win32
		{BE7441D9-D52F-4777-A6F4-0F5CC29578E8}.Debug|Win32.ActiveCfg = Debug|Win32
		{BE7441D9-D52F-4777-A6F4-0F5CC29578E8}.Debug|Win32.Build.0 = Debug|Win32
		{BE7441D9-D52F-4777-A6F4-0F5CC29578E8}.Release|Win32.ActiveCfg = Release|Win32
		{BE7441D9-D52F-4777-A6F4-0F5CC29578E8}.Release|Win32.Build.0 = Release|Win32
		{6AE9A695-3B0C-46C2-B363-7125C955BCF0}.Debug|Win32.ActiveCfg = Debug|Win32
		{6AE9A695-3B0C-46C2-B363-7125C955BCF0}.Debug|Win32.Build.0 = Debug|Win32
		{6AE9A695-3B0C-46C2-B363-7125C955BCF0}.Release|Win32.ActiveCfg = Release|Win32
		{6AE9A695-3B0C-46C2-B363-7125C955BCF0}.Release|Win32.Build.0 = Release|Win32
		{12CC3456-56CB-4AC1-979F-B6B73BB47929}.Debug|Win32.ActiveCfg = Debug|Win32
		{12CC3456-56CB-4AC1-979F-B6B73BB47929}.Debug|Win32.Build.0 = Debug|Win32
		{12CC3456-56CB-4AC1-979F-B6B73BB47929}.Release|Win32.ActiveCfg = Release|Win32
		{12CC3456-56CB-4AC1-979F-B6B73BB47929}.Release|Win32.Build.0 = Release|Win32
		{DF661922-9273-42E4-B0E6-3DBDA89A4D3A}.Debug|Win32.ActiveCfg = Debug|Win32
		{DF661922-9273-42E4-B0E6-3DBDA89A4D3A}.Debug|Win32.Build.0 = Debug|Win32
		{DF661922-9273-42E4-B0E6-3DBDA89A4D3A}.Release|Win32.ActiveCfg = Release|Win32
		{DF661922-9273-42E4-B0E6-3DBDA89A4D3A}.Release|Win32.Build.0 = Release|Win32
		{11240329-A854-4462-92A1-53249FECAC8D}.Debug|Win32.ActiveCfg = Debug|Win32
		{11240329-A854-4462-92A1-53249FECAC8D}.Debug|Win32.Build.0 = Debug|Win32
		{11240329-A854-4462-92A1-53249FECAC8D}.Release|Win32.ActiveCfg = Release|Win32
		{11240329-A854-4462-92A1-53249FECAC8D}.Release|Win32.Build.0 = Release|Win32
		{662ACE5B-9B25-4BD7-9656-EC8815723EBB}.Debug|Win32.ActiveCfg = Debug|Win32
		{662ACE5B-9B25-4BD7-9656-EC8815723EBB}.Debug|Win32.Build.0 = Debug|Win32
		{662ACE5B-9B25-4BD7-9656-EC8815723EBB}.Release|Win32.ActiveCfg = Release|Win32
		{662ACE5B-9B25-4BD7-9656-EC8815723EBB}.Release|Win32.Build.0 = Release|Win32
		{CF143A08-F85A-44E3-9E91-529F7CFA4379}.Debug|Win32.ActiveCfg = Debug|Win32
		{CF143A08-F85A-44E3-9E91-529F7CFA4379}.Debug|Win32.Build.0 = Debug|Win32
		{CF143A08-F85A-44E3-9E91-529F7CFA4379}.Release|Win32.ActiveCfg = Release|Win32
		{CF143A08-F85A-44E3-9E91-529F7CFA4379}.Release|Win32.Build.0 = Release|Win32
		{22BF5BE7-74F6-462A-A01F-E543825C0290}.Debug|Win32.ActiveCfg = Debug|Win32
		{22BF5BE7-74F6-462A-A01F-E543825C0290}.Debug|Win32.Build.0 = Debug|Win32
		{22BF5BE7-74F6-462A-A01F-E543825C0290}.Release|Win32.ActiveCfg = Release|Win32
		{22BF5BE7-74F6-462A-A01F-E543825C0290}.Release|Win32.Build.0 = Release|Win32
		{59B836F9-5799-4F25-82EB-F4C9F180CD94}.Debug|Win32.ActiveCfg = Debug|Win32
		{59B836F9-5799-4F25-82EB-F4C9F180CD94}.Debug|Win32.Build.0 = Debug|Win32
		{59B836F9-5799-4F25-82EB-F4C9F180CD94}.Release|Win32.ActiveCfg = Release|Win32
		{59B836F9-5799-4F25-82EB-F4C9F180CD94}.Release|Win32.Build.0 = Release|Win32
	EndGlobalSection
	GlobalSection(SolutionProperties) = preSolution
		HideSolutionNode = FALSE
	EndGlobalSection
EndGlobal
