
Microsoft Visual Studio Solution File, Format Version 11.00
# Visual Studio 2010
Project("{2150E333-8FDC-42A3-9474-1A3956D46DE8}") = "Solution Items", "Solution Items", "{ED787B62-84C8-4B83-86CB-5D2115DD7A79}"
	ProjectSection(SolutionItems) = preProject
		BuildNotes.txt = BuildNotes.txt
		c++ reference.txt = c++ reference.txt
		gpl3.txt = gpl3.txt
		LICENSE.txt = LICENSE.txt
		story.txt = story.txt
		symbol stats.txt = symbol stats.txt
		wtl sites.txt = wtl sites.txt
	EndProjectSection
EndProject
Project("{8BC9CEB8-8B4A-11D0-8D11-00A0C91BC942}") = "TapeReader", "TapeReader\TapeReader.vcxproj", "{F0BF4F84-45E6-439B-937D-7DCA29BB8A78}"
EndProject
Project("{8BC9CEB8-8B4A-11D0-8D11-00A0C91BC942}") = "LibCommon", "LibCommon\LibCommon.vcxproj", "{F03F73EA-DF5F-48DA-ABAE-A860BCEE54D4}"
EndProject
Project("{8BC9CEB8-8B4A-11D0-8D11-00A0C91BC942}") = "LibWtlCommon", "LibWtlCommon\LibWtlCommon.vcxproj", "{DF7C1FF7-075F-4DCC-8E43-0C704AD54163}"
EndProject
Project("{8BC9CEB8-8B4A-11D0-8D11-00A0C91BC942}") = "LibIQFeed", "LibIQFeed\LibIQFeed.vcxproj", "{23192E89-C17F-4C84-B35C-3677927D64A6}"
EndProject
Project("{8BC9CEB8-8B4A-11D0-8D11-00A0C91BC942}") = "NewsReader", "NewsReader\NewsReader.vcxproj", "{081EBC65-07A2-4298-9D6F-E32FEF3A8EBD}"
EndProject
Project("{8BC9CEB8-8B4A-11D0-8D11-00A0C91BC942}") = "LibTrading", "LibTrading\LibTrading.vcxproj", "{11243A27-764A-4119-BEFF-A8A80FD615EC}"
	ProjectSection(ProjectDependencies) = postProject
		{6AE9A695-3B0C-46C2-B363-7125C955BCF0} = {6AE9A695-3B0C-46C2-B363-7125C955BCF0}
	EndProjectSection
EndProject
Project("{8BC9CEB8-8B4A-11D0-8D11-00A0C91BC942}") = "LibBerkeleyDb", "LibBerkeleyDb\LibBerkeleyDb.vcxproj", "{3FCEB045-314A-49F5-A0D1-B6985F2C9399}"
EndProject
Project("{8BC9CEB8-8B4A-11D0-8D11-00A0C91BC942}") = "ImportIQFeedSymbolFile", "ImportIQFeedSymbolFile\ImportIQFeedSymbolFile.vcxproj", "{BE7441D9-D52F-4777-A6F4-0F5CC29578E8}"
EndProject
Project("{8BC9CEB8-8B4A-11D0-8D11-00A0C91BC942}") = "LibTimeSeries", "LibTimeSeries\LibTimeSeries.vcxproj", "{6AE9A695-3B0C-46C2-B363-7125C955BCF0}"
EndProject
Project("{8BC9CEB8-8B4A-11D0-8D11-00A0C91BC942}") = "LibHDF5TimeSeries", "LibHDF5TimeSeries\LibHDF5TimeSeries.vcxproj", "{12CC3456-56CB-4AC1-979F-B6B73BB47929}"
EndProject
Project("{8BC9CEB8-8B4A-11D0-8D11-00A0C91BC942}") = "LibSimulation", "LibSimulation\LibSimulation.vcxproj", "{DF661922-9273-42E4-B0E6-3DBDA89A4D3A}"
	ProjectSection(ProjectDependencies) = postProject
		{11243A27-764A-4119-BEFF-A8A80FD615EC} = {11243A27-764A-4119-BEFF-A8A80FD615EC}
		{12CC3456-56CB-4AC1-979F-B6B73BB47929} = {12CC3456-56CB-4AC1-979F-B6B73BB47929}
		{6AE9A695-3B0C-46C2-B363-7125C955BCF0} = {6AE9A695-3B0C-46C2-B363-7125C955BCF0}
	EndProjectSection
EndProject
Project("{8BC9CEB8-8B4A-11D0-8D11-00A0C91BC942}") = "IQFeedGetHistory", "IQFeedGetHistory\IQFeedGetHistory.vcxproj", "{11240329-A854-4462-92A1-53249FECAC8D}"
EndProject
Project("{8BC9CEB8-8B4A-11D0-8D11-00A0C91BC942}") = "LibIndicators", "LibIndicators\LibIndicators.vcxproj", "{662ACE5B-9B25-4BD7-9656-EC8815723EBB}"
EndProject
Project("{8BC9CEB8-8B4A-11D0-8D11-00A0C91BC942}") = "TradeYM", "TradeYM\TradeYM.vcxproj", "{CF143A08-F85A-44E3-9E91-529F7CFA4379}"
EndProject
Project("{8BC9CEB8-8B4A-11D0-8D11-00A0C91BC942}") = "LibInteractiveBrokers", "LibInteractiveBrokers\LibInteractiveBrokers.vcxproj", "{22BF5BE7-74F6-462A-A01F-E543825C0290}"
EndProject
Project("{8BC9CEB8-8B4A-11D0-8D11-00A0C91BC942}") = "LibWtlHeaders", "LibWtlHeaders\LibWtlHeaders.vcxproj", "{59B836F9-5799-4F25-82EB-F4C9F180CD94}"
EndProject
Project("{8BC9CEB8-8B4A-11D0-8D11-00A0C91BC942}") = "TradeGldOptions", "TradeGldOptions\TradeGldOptions.vcxproj", "{540D511F-4959-46B1-B973-28B8C6664B03}"
	ProjectSection(ProjectDependencies) = postProject
		{DF661922-9273-42E4-B0E6-3DBDA89A4D3A} = {DF661922-9273-42E4-B0E6-3DBDA89A4D3A}
		{11243A27-764A-4119-BEFF-A8A80FD615EC} = {11243A27-764A-4119-BEFF-A8A80FD615EC}
		{12CC3456-56CB-4AC1-979F-B6B73BB47929} = {12CC3456-56CB-4AC1-979F-B6B73BB47929}
		{23192E89-C17F-4C84-B35C-3677927D64A6} = {23192E89-C17F-4C84-B35C-3677927D64A6}
		{6AE9A695-3B0C-46C2-B363-7125C955BCF0} = {6AE9A695-3B0C-46C2-B363-7125C955BCF0}
		{22BF5BE7-74F6-462A-A01F-E543825C0290} = {22BF5BE7-74F6-462A-A01F-E543825C0290}
	EndProjectSection
EndProject
Project("{8BC9CEB8-8B4A-11D0-8D11-00A0C91BC942}") = "LibCharting", "LibCharting\LibCharting.vcxproj", "{BD8A7D5E-FD36-487F-88E9-8F3851ECF214}"
EndProject
Project("{8BC9CEB8-8B4A-11D0-8D11-00A0C91BC942}") = "dbtest", "dbtest\dbtest.vcxproj", "{4D888222-F62B-4E3D-8E6D-29F7397F8FDC}"
	ProjectSection(ProjectDependencies) = postProject
		{11243A27-764A-4119-BEFF-A8A80FD615EC} = {11243A27-764A-4119-BEFF-A8A80FD615EC}
	EndProjectSection
EndProject
Project("{8BC9CEB8-8B4A-11D0-8D11-00A0C91BC942}") = "LibSqlite", "LibSqlite\LibSqlite.vcxproj", "{842E7A61-5316-4028-9569-1468AEC45D1F}"
EndProject
Project("{8BC9CEB8-8B4A-11D0-8D11-00A0C91BC942}") = "LibSQL", "LibSQL\LibSQL.vcxproj", "{00437625-753F-4206-A3C0-3D5C959F7D91}"
EndProject
Global
	GlobalSection(SolutionConfigurationPlatforms) = preSolution
		Debug|Win32 = Debug|Win32
		Release|Win32 = Release|Win32
	EndGlobalSection
	GlobalSection(ProjectConfigurationPlatforms) = postSolution
		{F0BF4F84-45E6-439B-937D-7DCA29BB8A78}.Debug|Win32.ActiveCfg = Debug|Win32
		{F0BF4F84-45E6-439B-937D-7DCA29BB8A78}.Debug|Win32.Build.0 = Debug|Win32
		{F0BF4F84-45E6-439B-937D-7DCA29BB8A78}.Release|Win32.ActiveCfg = Release|Win32
		{F0BF4F84-45E6-439B-937D-7DCA29BB8A78}.Release|Win32.Build.0 = Release|Win32
		{F03F73EA-DF5F-48DA-ABAE-A860BCEE54D4}.Debug|Win32.ActiveCfg = Debug|Win32
		{F03F73EA-DF5F-48DA-ABAE-A860BCEE54D4}.Debug|Win32.Build.0 = Debug|Win32
		{F03F73EA-DF5F-48DA-ABAE-A860BCEE54D4}.Release|Win32.ActiveCfg = Release|Win32
		{F03F73EA-DF5F-48DA-ABAE-A860BCEE54D4}.Release|Win32.Build.0 = Release|Win32
		{DF7C1FF7-075F-4DCC-8E43-0C704AD54163}.Debug|Win32.ActiveCfg = Debug|Win32
		{DF7C1FF7-075F-4DCC-8E43-0C704AD54163}.Debug|Win32.Build.0 = Debug|Win32
		{DF7C1FF7-075F-4DCC-8E43-0C704AD54163}.Release|Win32.ActiveCfg = Release|Win32
		{DF7C1FF7-075F-4DCC-8E43-0C704AD54163}.Release|Win32.Build.0 = Release|Win32
		{23192E89-C17F-4C84-B35C-3677927D64A6}.Debug|Win32.ActiveCfg = Debug|Win32
		{23192E89-C17F-4C84-B35C-3677927D64A6}.Debug|Win32.Build.0 = Debug|Win32
		{23192E89-C17F-4C84-B35C-3677927D64A6}.Release|Win32.ActiveCfg = Release|Win32
		{23192E89-C17F-4C84-B35C-3677927D64A6}.Release|Win32.Build.0 = Release|Win32
		{081EBC65-07A2-4298-9D6F-E32FEF3A8EBD}.Debug|Win32.ActiveCfg = Debug|Win32
		{081EBC65-07A2-4298-9D6F-E32FEF3A8EBD}.Debug|Win32.Build.0 = Debug|Win32
		{081EBC65-07A2-4298-9D6F-E32FEF3A8EBD}.Release|Win32.ActiveCfg = Release|Win32
		{081EBC65-07A2-4298-9D6F-E32FEF3A8EBD}.Release|Win32.Build.0 = Release|Win32
		{11243A27-764A-4119-BEFF-A8A80FD615EC}.Debug|Win32.ActiveCfg = Debug|Win32
		{11243A27-764A-4119-BEFF-A8A80FD615EC}.Debug|Win32.Build.0 = Debug|Win32
		{11243A27-764A-4119-BEFF-A8A80FD615EC}.Release|Win32.ActiveCfg = Release|Win32
		{11243A27-764A-4119-BEFF-A8A80FD615EC}.Release|Win32.Build.0 = Release|Win32
		{3FCEB045-314A-49F5-A0D1-B6985F2C9399}.Debug|Win32.ActiveCfg = Debug|Win32
		{3FCEB045-314A-49F5-A0D1-B6985F2C9399}.Debug|Win32.Build.0 = Debug|Win32
		{3FCEB045-314A-49F5-A0D1-B6985F2C9399}.Release|Win32.ActiveCfg = Release|Win32
		{3FCEB045-314A-49F5-A0D1-B6985F2C9399}.Release|Win32.Build.0 = Release|Win32
		{BE7441D9-D52F-4777-A6F4-0F5CC29578E8}.Debug|Win32.ActiveCfg = Debug|Win32
		{BE7441D9-D52F-4777-A6F4-0F5CC29578E8}.Debug|Win32.Build.0 = Debug|Win32
		{BE7441D9-D52F-4777-A6F4-0F5CC29578E8}.Release|Win32.ActiveCfg = Release|Win32
		{BE7441D9-D52F-4777-A6F4-0F5CC29578E8}.Release|Win32.Build.0 = Release|Win32
		{6AE9A695-3B0C-46C2-B363-7125C955BCF0}.Debug|Win32.ActiveCfg = Debug|Win32
		{6AE9A695-3B0C-46C2-B363-7125C955BCF0}.Debug|Win32.Build.0 = Debug|Win32
		{6AE9A695-3B0C-46C2-B363-7125C955BCF0}.Release|Win32.ActiveCfg = Release|Win32
		{6AE9A695-3B0C-46C2-B363-7125C955BCF0}.Release|Win32.Build.0 = Release|Win32
		{12CC3456-56CB-4AC1-979F-B6B73BB47929}.Debug|Win32.ActiveCfg = Debug|Win32
		{12CC3456-56CB-4AC1-979F-B6B73BB47929}.Debug|Win32.Build.0 = Debug|Win32
		{12CC3456-56CB-4AC1-979F-B6B73BB47929}.Release|Win32.ActiveCfg = Release|Win32
		{12CC3456-56CB-4AC1-979F-B6B73BB47929}.Release|Win32.Build.0 = Release|Win32
		{DF661922-9273-42E4-B0E6-3DBDA89A4D3A}.Debug|Win32.ActiveCfg = Debug|Win32
		{DF661922-9273-42E4-B0E6-3DBDA89A4D3A}.Debug|Win32.Build.0 = Debug|Win32
		{DF661922-9273-42E4-B0E6-3DBDA89A4D3A}.Release|Win32.ActiveCfg = Release|Win32
		{DF661922-9273-42E4-B0E6-3DBDA89A4D3A}.Release|Win32.Build.0 = Release|Win32
		{11240329-A854-4462-92A1-53249FECAC8D}.Debug|Win32.ActiveCfg = Debug|Win32
		{11240329-A854-4462-92A1-53249FECAC8D}.Debug|Win32.Build.0 = Debug|Win32
		{11240329-A854-4462-92A1-53249FECAC8D}.Release|Win32.ActiveCfg = Release|Win32
		{11240329-A854-4462-92A1-53249FECAC8D}.Release|Win32.Build.0 = Release|Win32
		{662ACE5B-9B25-4BD7-9656-EC8815723EBB}.Debug|Win32.ActiveCfg = Debug|Win32
		{662ACE5B-9B25-4BD7-9656-EC8815723EBB}.Debug|Win32.Build.0 = Debug|Win32
		{662ACE5B-9B25-4BD7-9656-EC8815723EBB}.Release|Win32.ActiveCfg = Release|Win32
		{662ACE5B-9B25-4BD7-9656-EC8815723EBB}.Release|Win32.Build.0 = Release|Win32
		{CF143A08-F85A-44E3-9E91-529F7CFA4379}.Debug|Win32.ActiveCfg = Debug|Win32
		{CF143A08-F85A-44E3-9E91-529F7CFA4379}.Debug|Win32.Build.0 = Debug|Win32
		{CF143A08-F85A-44E3-9E91-529F7CFA4379}.Release|Win32.ActiveCfg = Release|Win32
		{CF143A08-F85A-44E3-9E91-529F7CFA4379}.Release|Win32.Build.0 = Release|Win32
		{22BF5BE7-74F6-462A-A01F-E543825C0290}.Debug|Win32.ActiveCfg = Debug|Win32
		{22BF5BE7-74F6-462A-A01F-E543825C0290}.Debug|Win32.Build.0 = Debug|Win32
		{22BF5BE7-74F6-462A-A01F-E543825C0290}.Release|Win32.ActiveCfg = Release|Win32
		{22BF5BE7-74F6-462A-A01F-E543825C0290}.Release|Win32.Build.0 = Release|Win32
		{59B836F9-5799-4F25-82EB-F4C9F180CD94}.Debug|Win32.ActiveCfg = Debug|Win32
		{59B836F9-5799-4F25-82EB-F4C9F180CD94}.Debug|Win32.Build.0 = Debug|Win32
		{59B836F9-5799-4F25-82EB-F4C9F180CD94}.Release|Win32.ActiveCfg = Release|Win32
		{59B836F9-5799-4F25-82EB-F4C9F180CD94}.Release|Win32.Build.0 = Release|Win32
		{540D511F-4959-46B1-B973-28B8C6664B03}.Debug|Win32.ActiveCfg = Debug|Win32
		{540D511F-4959-46B1-B973-28B8C6664B03}.Debug|Win32.Build.0 = Debug|Win32
		{540D511F-4959-46B1-B973-28B8C6664B03}.Release|Win32.ActiveCfg = Release|Win32
		{540D511F-4959-46B1-B973-28B8C6664B03}.Release|Win32.Build.0 = Release|Win32
		{BD8A7D5E-FD36-487F-88E9-8F3851ECF214}.Debug|Win32.ActiveCfg = Debug|Win32
		{BD8A7D5E-FD36-487F-88E9-8F3851ECF214}.Debug|Win32.Build.0 = Debug|Win32
		{BD8A7D5E-FD36-487F-88E9-8F3851ECF214}.Release|Win32.ActiveCfg = Release|Win32
		{BD8A7D5E-FD36-487F-88E9-8F3851ECF214}.Release|Win32.Build.0 = Release|Win32
		{4D888222-F62B-4E3D-8E6D-29F7397F8FDC}.Debug|Win32.ActiveCfg = Debug|Win32
		{4D888222-F62B-4E3D-8E6D-29F7397F8FDC}.Debug|Win32.Build.0 = Debug|Win32
		{4D888222-F62B-4E3D-8E6D-29F7397F8FDC}.Release|Win32.ActiveCfg = Release|Win32
		{4D888222-F62B-4E3D-8E6D-29F7397F8FDC}.Release|Win32.Build.0 = Release|Win32
		{842E7A61-5316-4028-9569-1468AEC45D1F}.Debug|Win32.ActiveCfg = Debug|Win32
		{842E7A61-5316-4028-9569-1468AEC45D1F}.Debug|Win32.Build.0 = Debug|Win32
		{842E7A61-5316-4028-9569-1468AEC45D1F}.Release|Win32.ActiveCfg = Release|Win32
		{842E7A61-5316-4028-9569-1468AEC45D1F}.Release|Win32.Build.0 = Release|Win32
		{00437625-753F-4206-A3C0-3D5C959F7D91}.Debug|Win32.ActiveCfg = Debug|Win32
		{00437625-753F-4206-A3C0-3D5C959F7D91}.Debug|Win32.Build.0 = Debug|Win32
		{00437625-753F-4206-A3C0-3D5C959F7D91}.Release|Win32.ActiveCfg = Release|Win32
		{00437625-753F-4206-A3C0-3D5C959F7D91}.Release|Win32.Build.0 = Release|Win32
	EndGlobalSection
	GlobalSection(SolutionProperties) = preSolution
		HideSolutionNode = FALSE
	EndGlobalSection
EndGlobal
