
Microsoft Visual Studio Solution File, Format Version 9.00
# Visual Studio 2005
Project("{8BC9CEB8-8B4A-11D0-8D11-00A0C91BC942}") = "GTScalp", "GTScalp\GTScalp.vcproj", "{B513732A-53F3-4688-85A2-4AFF8CFCD443}"
	ProjectSection(WebsiteProperties) = preProject
		Debug.AspNetCompiler.Debug = "True"
		Release.AspNetCompiler.Debug = "False"
	EndProjectSection
	ProjectSection(ProjectDependencies) = postProject
		{CD396733-F34F-4BD5-B532-011AC3CBE737} = {CD396733-F34F-4BD5-B532-011AC3CBE737}
		{ADC0D3BE-54E4-4543-857B-F70E44449B29} = {ADC0D3BE-54E4-4543-857B-F70E44449B29}
		{3F0C7DC8-85FD-4109-8C8C-4E4EB73EA589} = {3F0C7DC8-85FD-4109-8C8C-4E4EB73EA589}
		{7F4262BB-E374-4367-A3A0-1C303219338E} = {7F4262BB-E374-4367-A3A0-1C303219338E}
		{21EFE05C-79BF-4581-BA84-AE3621564654} = {21EFE05C-79BF-4581-BA84-AE3621564654}
		{BB79D16D-1569-4BFC-A14E-BEC0FB4FB26A} = {BB79D16D-1569-4BFC-A14E-BEC0FB4FB26A}
		{0A50D1F1-4D51-496B-BB3E-9852F3F55EA0} = {0A50D1F1-4D51-496B-BB3E-9852F3F55EA0}
		{610365D2-FAFA-412B-9FA2-9A08B1CC80FE} = {610365D2-FAFA-412B-9FA2-9A08B1CC80FE}
		{A009C9AC-12BD-4BBB-9FB5-68A113561949} = {A009C9AC-12BD-4BBB-9FB5-68A113561949}
		{DBB14029-F13B-4DC6-99D1-7DE4C3CD37EC} = {DBB14029-F13B-4DC6-99D1-7DE4C3CD37EC}
		{E0F5C363-DFFD-4095-84C4-30197EEE8A1F} = {E0F5C363-DFFD-4095-84C4-30197EEE8A1F}
		{686CEE2C-87E9-4D45-96FB-4C6671AE91D6} = {686CEE2C-87E9-4D45-96FB-4C6671AE91D6}
		{F5E1516E-0472-44F3-BD3C-6F2662E4045E} = {F5E1516E-0472-44F3-BD3C-6F2662E4045E}
	EndProjectSection
EndProject
Project("{8BC9CEB8-8B4A-11D0-8D11-00A0C91BC942}") = "TradeFrame", "TradeFrame\TradeFrame.vcproj", "{E60FC46C-ADEC-416A-9ADB-C87DFB5DAB25}"
	ProjectSection(WebsiteProperties) = preProject
		Debug.AspNetCompiler.Debug = "True"
		Release.AspNetCompiler.Debug = "False"
	EndProjectSection
EndProject
Project("{8BC9CEB8-8B4A-11D0-8D11-00A0C91BC942}") = "TFCharting", "TFCharting\TFCharting.vcproj", "{309BC492-1C49-4C7E-B08E-CA7D7A873577}"
	ProjectSection(WebsiteProperties) = preProject
		Debug.AspNetCompiler.Debug = "True"
		Release.AspNetCompiler.Debug = "False"
	EndProjectSection
EndProject
Project("{8BC9CEB8-8B4A-11D0-8D11-00A0C91BC942}") = "LibTimeSeries", "LibTimeSeries\LibTimeSeries.vcproj", "{BB79D16D-1569-4BFC-A14E-BEC0FB4FB26A}"
	ProjectSection(WebsiteProperties) = preProject
		Debug.AspNetCompiler.Debug = "True"
		Release.AspNetCompiler.Debug = "False"
	EndProjectSection
	ProjectSection(ProjectDependencies) = postProject
		{21EFE05C-79BF-4581-BA84-AE3621564654} = {21EFE05C-79BF-4581-BA84-AE3621564654}
	EndProjectSection
EndProject
Project("{8BC9CEB8-8B4A-11D0-8D11-00A0C91BC942}") = "LibInteractiveBrokers", "LibInteractiveBrokers\LibInteractiveBrokers.vcproj", "{A009C9AC-12BD-4BBB-9FB5-68A113561949}"
	ProjectSection(WebsiteProperties) = preProject
		Debug.AspNetCompiler.Debug = "True"
		Release.AspNetCompiler.Debug = "False"
	EndProjectSection
	ProjectSection(ProjectDependencies) = postProject
		{21EFE05C-79BF-4581-BA84-AE3621564654} = {21EFE05C-79BF-4581-BA84-AE3621564654}
		{BB79D16D-1569-4BFC-A14E-BEC0FB4FB26A} = {BB79D16D-1569-4BFC-A14E-BEC0FB4FB26A}
		{7F4262BB-E374-4367-A3A0-1C303219338E} = {7F4262BB-E374-4367-A3A0-1C303219338E}
	EndProjectSection
EndProject
Project("{8BC9CEB8-8B4A-11D0-8D11-00A0C91BC942}") = "LibIndicators", "LibIndicators\LibIndicators.vcproj", "{0A50D1F1-4D51-496B-BB3E-9852F3F55EA0}"
	ProjectSection(WebsiteProperties) = preProject
		Debug.AspNetCompiler.Debug = "True"
		Release.AspNetCompiler.Debug = "False"
	EndProjectSection
	ProjectSection(ProjectDependencies) = postProject
		{BB79D16D-1569-4BFC-A14E-BEC0FB4FB26A} = {BB79D16D-1569-4BFC-A14E-BEC0FB4FB26A}
		{21EFE05C-79BF-4581-BA84-AE3621564654} = {21EFE05C-79BF-4581-BA84-AE3621564654}
	EndProjectSection
EndProject
Project("{8BC9CEB8-8B4A-11D0-8D11-00A0C91BC942}") = "LibTrading", "LibTrading\LibTrading.vcproj", "{7F4262BB-E374-4367-A3A0-1C303219338E}"
	ProjectSection(WebsiteProperties) = preProject
		Debug.AspNetCompiler.Debug = "True"
		Release.AspNetCompiler.Debug = "False"
	EndProjectSection
	ProjectSection(ProjectDependencies) = postProject
		{21EFE05C-79BF-4581-BA84-AE3621564654} = {21EFE05C-79BF-4581-BA84-AE3621564654}
	EndProjectSection
EndProject
Project("{8BC9CEB8-8B4A-11D0-8D11-00A0C91BC942}") = "LibCommon", "LibCommon\LibCommon.vcproj", "{21EFE05C-79BF-4581-BA84-AE3621564654}"
	ProjectSection(WebsiteProperties) = preProject
		Debug.AspNetCompiler.Debug = "True"
		Release.AspNetCompiler.Debug = "False"
	EndProjectSection
EndProject
Project("{8BC9CEB8-8B4A-11D0-8D11-00A0C91BC942}") = "LibCharting", "LibCharting\LibCharting.vcproj", "{686CEE2C-87E9-4D45-96FB-4C6671AE91D6}"
	ProjectSection(WebsiteProperties) = preProject
		Debug.AspNetCompiler.Debug = "True"
		Release.AspNetCompiler.Debug = "False"
	EndProjectSection
	ProjectSection(ProjectDependencies) = postProject
		{7F4262BB-E374-4367-A3A0-1C303219338E} = {7F4262BB-E374-4367-A3A0-1C303219338E}
	EndProjectSection
EndProject
Project("{8BC9CEB8-8B4A-11D0-8D11-00A0C91BC942}") = "LibIQFeed", "LibIQFeed\LibIQFeed.vcproj", "{E0F5C363-DFFD-4095-84C4-30197EEE8A1F}"
	ProjectSection(WebsiteProperties) = preProject
		Debug.AspNetCompiler.Debug = "True"
		Release.AspNetCompiler.Debug = "False"
	EndProjectSection
	ProjectSection(ProjectDependencies) = postProject
		{DBB14029-F13B-4DC6-99D1-7DE4C3CD37EC} = {DBB14029-F13B-4DC6-99D1-7DE4C3CD37EC}
		{21EFE05C-79BF-4581-BA84-AE3621564654} = {21EFE05C-79BF-4581-BA84-AE3621564654}
		{BB79D16D-1569-4BFC-A14E-BEC0FB4FB26A} = {BB79D16D-1569-4BFC-A14E-BEC0FB4FB26A}
		{7F4262BB-E374-4367-A3A0-1C303219338E} = {7F4262BB-E374-4367-A3A0-1C303219338E}
		{610365D2-FAFA-412B-9FA2-9A08B1CC80FE} = {610365D2-FAFA-412B-9FA2-9A08B1CC80FE}
	EndProjectSection
EndProject
Project("{8BC9CEB8-8B4A-11D0-8D11-00A0C91BC942}") = "LibHDF5TimeSeries", "LibHDF5TimeSeries\LibHDF5TimeSeries.vcproj", "{610365D2-FAFA-412B-9FA2-9A08B1CC80FE}"
	ProjectSection(WebsiteProperties) = preProject
		Debug.AspNetCompiler.Debug = "True"
		Release.AspNetCompiler.Debug = "False"
	EndProjectSection
EndProject
Project("{8BC9CEB8-8B4A-11D0-8D11-00A0C91BC942}") = "LibBerkeleyDb", "LibBerkeleyDb\LibBerkeleyDb.vcproj", "{DBB14029-F13B-4DC6-99D1-7DE4C3CD37EC}"
	ProjectSection(WebsiteProperties) = preProject
		Debug.AspNetCompiler.Debug = "True"
		Release.AspNetCompiler.Debug = "False"
	EndProjectSection
EndProject
Project("{8BC9CEB8-8B4A-11D0-8D11-00A0C91BC942}") = "LibBasketTrading", "LibBasketTrading\LibBasketTrading.vcproj", "{CD396733-F34F-4BD5-B532-011AC3CBE737}"
	ProjectSection(WebsiteProperties) = preProject
		Debug.AspNetCompiler.Debug = "True"
		Release.AspNetCompiler.Debug = "False"
	EndProjectSection
	ProjectSection(ProjectDependencies) = postProject
		{7F4262BB-E374-4367-A3A0-1C303219338E} = {7F4262BB-E374-4367-A3A0-1C303219338E}
		{610365D2-FAFA-412B-9FA2-9A08B1CC80FE} = {610365D2-FAFA-412B-9FA2-9A08B1CC80FE}
		{21EFE05C-79BF-4581-BA84-AE3621564654} = {21EFE05C-79BF-4581-BA84-AE3621564654}
		{F5E1516E-0472-44F3-BD3C-6F2662E4045E} = {F5E1516E-0472-44F3-BD3C-6F2662E4045E}
		{BB79D16D-1569-4BFC-A14E-BEC0FB4FB26A} = {BB79D16D-1569-4BFC-A14E-BEC0FB4FB26A}
	EndProjectSection
EndProject
Project("{2150E333-8FDC-42A3-9474-1A3956D46DE8}") = "Solution Items", "Solution Items", "{688E3332-5D1A-46AE-A153-1E3D605C2567}"
	ProjectSection(WebsiteProperties) = preProject
		Debug.AspNetCompiler.Debug = "True"
		Release.AspNetCompiler.Debug = "False"
	EndProjectSection
	ProjectSection(SolutionItems) = preProject
		notes.txt = notes.txt
	EndProjectSection
EndProject
Project("{8BC9CEB8-8B4A-11D0-8D11-00A0C91BC942}") = "INDU", "INDU\INDU.vcproj", "{F7F04E62-E4EF-421F-A3AC-47ECA907301B}"
	ProjectSection(WebsiteProperties) = preProject
		Debug.AspNetCompiler.Debug = "True"
		Release.AspNetCompiler.Debug = "False"
	EndProjectSection
EndProject
Project("{8BC9CEB8-8B4A-11D0-8D11-00A0C91BC942}") = "LibGndt", "LibGndt\LibGndt.vcproj", "{3F0C7DC8-85FD-4109-8C8C-4E4EB73EA589}"
	ProjectSection(WebsiteProperties) = preProject
		Debug.AspNetCompiler.Debug = "True"
		Release.AspNetCompiler.Debug = "False"
	EndProjectSection
	ProjectSection(ProjectDependencies) = postProject
		{DBB14029-F13B-4DC6-99D1-7DE4C3CD37EC} = {DBB14029-F13B-4DC6-99D1-7DE4C3CD37EC}
		{21EFE05C-79BF-4581-BA84-AE3621564654} = {21EFE05C-79BF-4581-BA84-AE3621564654}
		{7F4262BB-E374-4367-A3A0-1C303219338E} = {7F4262BB-E374-4367-A3A0-1C303219338E}
		{BB79D16D-1569-4BFC-A14E-BEC0FB4FB26A} = {BB79D16D-1569-4BFC-A14E-BEC0FB4FB26A}
	EndProjectSection
EndProject
Project("{8BC9CEB8-8B4A-11D0-8D11-00A0C91BC942}") = "LibGUI", "LibGUI\LibGUI.vcproj", "{F5E1516E-0472-44F3-BD3C-6F2662E4045E}"
	ProjectSection(WebsiteProperties) = preProject
		Debug.AspNetCompiler.Debug = "True"
		Release.AspNetCompiler.Debug = "False"
	EndProjectSection
	ProjectSection(ProjectDependencies) = postProject
		{21EFE05C-79BF-4581-BA84-AE3621564654} = {21EFE05C-79BF-4581-BA84-AE3621564654}
	EndProjectSection
EndProject
Project("{8BC9CEB8-8B4A-11D0-8D11-00A0C91BC942}") = "LibSimulation", "LibSimulation\LibSimulation.vcproj", "{ADC0D3BE-54E4-4543-857B-F70E44449B29}"
	ProjectSection(WebsiteProperties) = preProject
		Debug.AspNetCompiler.Debug = "True"
		Release.AspNetCompiler.Debug = "False"
	EndProjectSection
EndProject
Global
	GlobalSection(SourceCodeControl) = preSolution
		SccNumberOfProjects = 1
		SccLocalPath0 = .
	EndGlobalSection
	GlobalSection(SolutionConfigurationPlatforms) = preSolution
		Debug|Win32 = Debug|Win32
		Release|Win32 = Release|Win32
	EndGlobalSection
	GlobalSection(ProjectConfigurationPlatforms) = postSolution
		{B513732A-53F3-4688-85A2-4AFF8CFCD443}.Debug|Win32.ActiveCfg = Debug|Win32
		{B513732A-53F3-4688-85A2-4AFF8CFCD443}.Debug|Win32.Build.0 = Debug|Win32
		{B513732A-53F3-4688-85A2-4AFF8CFCD443}.Release|Win32.ActiveCfg = Release|Win32
		{B513732A-53F3-4688-85A2-4AFF8CFCD443}.Release|Win32.Build.0 = Release|Win32
		{E60FC46C-ADEC-416A-9ADB-C87DFB5DAB25}.Debug|Win32.ActiveCfg = Debug|Win32
		{E60FC46C-ADEC-416A-9ADB-C87DFB5DAB25}.Debug|Win32.Build.0 = Debug|Win32
		{E60FC46C-ADEC-416A-9ADB-C87DFB5DAB25}.Release|Win32.ActiveCfg = Release|Win32
		{E60FC46C-ADEC-416A-9ADB-C87DFB5DAB25}.Release|Win32.Build.0 = Release|Win32
		{309BC492-1C49-4C7E-B08E-CA7D7A873577}.Debug|Win32.ActiveCfg = Debug|Win32
		{309BC492-1C49-4C7E-B08E-CA7D7A873577}.Debug|Win32.Build.0 = Debug|Win32
		{309BC492-1C49-4C7E-B08E-CA7D7A873577}.Release|Win32.ActiveCfg = Release|Win32
		{309BC492-1C49-4C7E-B08E-CA7D7A873577}.Release|Win32.Build.0 = Release|Win32
		{BB79D16D-1569-4BFC-A14E-BEC0FB4FB26A}.Debug|Win32.ActiveCfg = Debug|Win32
		{BB79D16D-1569-4BFC-A14E-BEC0FB4FB26A}.Debug|Win32.Build.0 = Debug|Win32
		{BB79D16D-1569-4BFC-A14E-BEC0FB4FB26A}.Release|Win32.ActiveCfg = Release|Win32
		{BB79D16D-1569-4BFC-A14E-BEC0FB4FB26A}.Release|Win32.Build.0 = Release|Win32
		{A009C9AC-12BD-4BBB-9FB5-68A113561949}.Debug|Win32.ActiveCfg = Debug|Win32
		{A009C9AC-12BD-4BBB-9FB5-68A113561949}.Debug|Win32.Build.0 = Debug|Win32
		{A009C9AC-12BD-4BBB-9FB5-68A113561949}.Release|Win32.ActiveCfg = Release|Win32
		{A009C9AC-12BD-4BBB-9FB5-68A113561949}.Release|Win32.Build.0 = Release|Win32
		{0A50D1F1-4D51-496B-BB3E-9852F3F55EA0}.Debug|Win32.ActiveCfg = Debug|Win32
		{0A50D1F1-4D51-496B-BB3E-9852F3F55EA0}.Debug|Win32.Build.0 = Debug|Win32
		{0A50D1F1-4D51-496B-BB3E-9852F3F55EA0}.Release|Win32.ActiveCfg = Release|Win32
		{0A50D1F1-4D51-496B-BB3E-9852F3F55EA0}.Release|Win32.Build.0 = Release|Win32
		{7F4262BB-E374-4367-A3A0-1C303219338E}.Debug|Win32.ActiveCfg = Debug|Win32
		{7F4262BB-E374-4367-A3A0-1C303219338E}.Debug|Win32.Build.0 = Debug|Win32
		{7F4262BB-E374-4367-A3A0-1C303219338E}.Release|Win32.ActiveCfg = Release|Win32
		{7F4262BB-E374-4367-A3A0-1C303219338E}.Release|Win32.Build.0 = Release|Win32
		{21EFE05C-79BF-4581-BA84-AE3621564654}.Debug|Win32.ActiveCfg = Debug|Win32
		{21EFE05C-79BF-4581-BA84-AE3621564654}.Debug|Win32.Build.0 = Debug|Win32
		{21EFE05C-79BF-4581-BA84-AE3621564654}.Release|Win32.ActiveCfg = Release|Win32
		{21EFE05C-79BF-4581-BA84-AE3621564654}.Release|Win32.Build.0 = Release|Win32
		{686CEE2C-87E9-4D45-96FB-4C6671AE91D6}.Debug|Win32.ActiveCfg = Debug|Win32
		{686CEE2C-87E9-4D45-96FB-4C6671AE91D6}.Debug|Win32.Build.0 = Debug|Win32
		{686CEE2C-87E9-4D45-96FB-4C6671AE91D6}.Release|Win32.ActiveCfg = Release|Win32
		{686CEE2C-87E9-4D45-96FB-4C6671AE91D6}.Release|Win32.Build.0 = Release|Win32
		{E0F5C363-DFFD-4095-84C4-30197EEE8A1F}.Debug|Win32.ActiveCfg = Debug|Win32
		{E0F5C363-DFFD-4095-84C4-30197EEE8A1F}.Debug|Win32.Build.0 = Debug|Win32
		{E0F5C363-DFFD-4095-84C4-30197EEE8A1F}.Release|Win32.ActiveCfg = Release|Win32
		{E0F5C363-DFFD-4095-84C4-30197EEE8A1F}.Release|Win32.Build.0 = Release|Win32
		{610365D2-FAFA-412B-9FA2-9A08B1CC80FE}.Debug|Win32.ActiveCfg = Debug|Win32
		{610365D2-FAFA-412B-9FA2-9A08B1CC80FE}.Debug|Win32.Build.0 = Debug|Win32
		{610365D2-FAFA-412B-9FA2-9A08B1CC80FE}.Release|Win32.ActiveCfg = Release|Win32
		{610365D2-FAFA-412B-9FA2-9A08B1CC80FE}.Release|Win32.Build.0 = Release|Win32
		{DBB14029-F13B-4DC6-99D1-7DE4C3CD37EC}.Debug|Win32.ActiveCfg = Debug|Win32
		{DBB14029-F13B-4DC6-99D1-7DE4C3CD37EC}.Debug|Win32.Build.0 = Debug|Win32
		{DBB14029-F13B-4DC6-99D1-7DE4C3CD37EC}.Release|Win32.ActiveCfg = Release|Win32
		{DBB14029-F13B-4DC6-99D1-7DE4C3CD37EC}.Release|Win32.Build.0 = Release|Win32
		{CD396733-F34F-4BD5-B532-011AC3CBE737}.Debug|Win32.ActiveCfg = Debug|Win32
		{CD396733-F34F-4BD5-B532-011AC3CBE737}.Debug|Win32.Build.0 = Debug|Win32
		{CD396733-F34F-4BD5-B532-011AC3CBE737}.Release|Win32.ActiveCfg = Release|Win32
		{CD396733-F34F-4BD5-B532-011AC3CBE737}.Release|Win32.Build.0 = Release|Win32
		{F7F04E62-E4EF-421F-A3AC-47ECA907301B}.Debug|Win32.ActiveCfg = Debug|Win32
		{F7F04E62-E4EF-421F-A3AC-47ECA907301B}.Debug|Win32.Build.0 = Debug|Win32
		{F7F04E62-E4EF-421F-A3AC-47ECA907301B}.Release|Win32.ActiveCfg = Release|Win32
		{F7F04E62-E4EF-421F-A3AC-47ECA907301B}.Release|Win32.Build.0 = Release|Win32
		{3F0C7DC8-85FD-4109-8C8C-4E4EB73EA589}.Debug|Win32.ActiveCfg = Debug|Win32
		{3F0C7DC8-85FD-4109-8C8C-4E4EB73EA589}.Debug|Win32.Build.0 = Debug|Win32
		{3F0C7DC8-85FD-4109-8C8C-4E4EB73EA589}.Release|Win32.ActiveCfg = Release|Win32
		{3F0C7DC8-85FD-4109-8C8C-4E4EB73EA589}.Release|Win32.Build.0 = Release|Win32
		{F5E1516E-0472-44F3-BD3C-6F2662E4045E}.Debug|Win32.ActiveCfg = Debug|Win32
		{F5E1516E-0472-44F3-BD3C-6F2662E4045E}.Debug|Win32.Build.0 = Debug|Win32
		{F5E1516E-0472-44F3-BD3C-6F2662E4045E}.Release|Win32.ActiveCfg = Release|Win32
		{F5E1516E-0472-44F3-BD3C-6F2662E4045E}.Release|Win32.Build.0 = Release|Win32
		{ADC0D3BE-54E4-4543-857B-F70E44449B29}.Debug|Win32.ActiveCfg = Debug|Win32
		{ADC0D3BE-54E4-4543-857B-F70E44449B29}.Debug|Win32.Build.0 = Debug|Win32
		{ADC0D3BE-54E4-4543-857B-F70E44449B29}.Release|Win32.ActiveCfg = Release|Win32
		{ADC0D3BE-54E4-4543-857B-F70E44449B29}.Release|Win32.Build.0 = Release|Win32
	EndGlobalSection
	GlobalSection(SolutionProperties) = preSolution
		HideSolutionNode = FALSE
	EndGlobalSection
EndGlobal
