<?xml version="1.0" encoding="utf-8"?>
<Project ToolsVersion="4.0" xmlns="http://schemas.microsoft.com/developer/msbuild/2003">
  <ItemGroup>
    <Filter Include="Source Files">
      <UniqueIdentifier>{6b337c05-90d9-4491-9d65-1130223594e3}</UniqueIdentifier>
      <Extensions>cpp;c;cxx;rc;def;r;odl;idl;hpj;bat</Extensions>
    </Filter>
    <Filter Include="Header Files">
      <UniqueIdentifier>{43361437-5c1e-4864-a81d-e747c47c92d9}</UniqueIdentifier>
      <Extensions>h;hpp;hxx;hm;inl</Extensions>
    </Filter>
    <Filter Include="docu">
      <UniqueIdentifier>{6c30076f-a1d2-4b86-89ec-5e873d58188b}</UniqueIdentifier>
    </Filter>
  </ItemGroup>
  <ItemGroup>
    <ClCompile Include="BasicExcel.cpp">
      <Filter>Source Files</Filter>
    </ClCompile>
    <ClCompile Include="Examples.cpp">
      <Filter>Source Files</Filter>
    </ClCompile>
    <ClCompile Include="ExcelFormat.cpp">
      <Filter>Source Files</Filter>
    </ClCompile>
  </ItemGroup>
  <ItemGroup>
    <ClInclude Include="ExcelFormat.h">
      <Filter>Header Files</Filter>
    </ClInclude>
    <ClInclude Include="BasicExcel.hpp">
      <Filter>Header Files</Filter>
    </ClInclude>
  </ItemGroup>
  <ItemGroup>
    <Image Include="docu\ExcelFormat\example1.png">
      <Filter>docu</Filter>
    </Image>
    <Image Include="docu\ExcelFormat\example4.png">
      <Filter>docu</Filter>
    </Image>
  </ItemGroup>
  <ItemGroup>
    <CustomBuild Include="docu\codeproject_ExcelFormat.html">
      <Filter>docu</Filter>
    </CustomBuild>
  </ItemGroup>
</Project>