<?xml version="1.0" encoding="utf-8"?>
<Project ToolsVersion="4.0" xmlns="http://schemas.microsoft.com/developer/msbuild/2003">
  <ItemGroup>
    <ClCompile Include="HDF5Attribute.cpp">
      <Filter>Source Files</Filter>
    </ClCompile>
    <ClCompile Include="HDF5DataManager.cpp">
      <Filter>Source Files</Filter>
    </ClCompile>
    <ClCompile Include="stdafx.cpp">
      <Filter>Source Files</Filter>
    </ClCompile>
  </ItemGroup>
  <ItemGroup>
    <ClInclude Include="HDF5Attribute.h">
      <Filter>Header Files</Filter>
    </ClInclude>
    <ClInclude Include="HDF5DataManager.h">
      <Filter>Header Files</Filter>
    </ClInclude>
    <ClInclude Include="HDF5IterateGroups.h">
      <Filter>Header Files</Filter>
    </ClInclude>
    <ClInclude Include="HDF5TimeSeriesAccessor.h">
      <Filter>Header Files</Filter>
    </ClInclude>
    <ClInclude Include="HDF5TimeSeriesContainer.h">
      <Filter>Header Files</Filter>
    </ClInclude>
    <ClInclude Include="HDF5TimeSeriesIterator.h">
      <Filter>Header Files</Filter>
    </ClInclude>
    <ClInclude Include="HDF5WriteTimeSeries.h">
      <Filter>Header Files</Filter>
    </ClInclude>
    <ClInclude Include="stdafx.h">
      <Filter>Header Files</Filter>
    </ClInclude>
    <ClInclude Include="targetver.h">
      <Filter>Header Files</Filter>
    </ClInclude>
  </ItemGroup>
  <ItemGroup>
    <None Include="notes.txt" />
    <None Include="ReadMe.txt" />
  </ItemGroup>
  <ItemGroup>
    <Filter Include="Source Files">
      <UniqueIdentifier>{20e35ba0-8839-40cc-a26e-f4bb10fe3b70}</UniqueIdentifier>
    </Filter>
    <Filter Include="Header Files">
      <UniqueIdentifier>{c5986d68-78f1-446d-bb96-2506867cf51d}</UniqueIdentifier>
    </Filter>
  </ItemGroup>
</Project>