<?xml version="1.0" encoding="utf-8"?>
<Project ToolsVersion="4.0" xmlns="http://schemas.microsoft.com/developer/msbuild/2003">
  <ItemGroup>
    <ClCompile Include="PivotGroup.cpp">
      <Filter>Source Files</Filter>
    </ClCompile>
    <ClCompile Include="Pivots.cpp">
      <Filter>Source Files</Filter>
    </ClCompile>
    <ClCompile Include="RunningMinMax.cpp">
      <Filter>Source Files</Filter>
    </ClCompile>
    <ClCompile Include="RunningStats.cpp">
      <Filter>Source Files</Filter>
    </ClCompile>
    <ClCompile Include="SlidingWindow.cpp">
      <Filter>Source Files</Filter>
    </ClCompile>
    <ClCompile Include="StatsInSlidingWindow.cpp">
      <Filter>Source Files</Filter>
    </ClCompile>
    <ClCompile Include="stdafx.cpp">
      <Filter>Source Files</Filter>
    </ClCompile>
    <ClCompile Include="ZigZag.cpp">
      <Filter>Source Files</Filter>
    </ClCompile>
    <ClCompile Include="TSSWStats.cpp">
      <Filter>Source Files</Filter>
    </ClCompile>
    <ClCompile Include="TSSWStochastic.cpp">
      <Filter>Source Files</Filter>
    </ClCompile>
    <ClCompile Include="CalcAboveBelow.cpp">
      <Filter>Source Files</Filter>
    </ClCompile>
    <ClCompile Include="TSSWEfficiencyRatio.cpp">
      <Filter>Source Files</Filter>
    </ClCompile>
    <ClCompile Include="TSSWRunningTally.cpp">
      <Filter>Source Files</Filter>
    </ClCompile>
    <ClCompile Include="TSSWRateOfChange.cpp">
      <Filter>Source Files</Filter>
    </ClCompile>
    <ClCompile Include="TSReturns.cpp">
      <Filter>Source Files</Filter>
    </ClCompile>
    <ClCompile Include="TSHomogenization.cpp">
      <Filter>Source Files</Filter>
    </ClCompile>
    <ClCompile Include="TSSWTickFrequency.cpp">
      <Filter>Source Files</Filter>
    </ClCompile>
    <ClCompile Include="TSSWRealizedVolatility.cpp">
      <Filter>Source Files</Filter>
    </ClCompile>
    <ClCompile Include="TSEMA.cpp">
      <Filter>Source Files</Filter>
    </ClCompile>
  </ItemGroup>
  <ItemGroup>
    <ClInclude Include="Darvas.h">
      <Filter>Header Files</Filter>
    </ClInclude>
    <ClInclude Include="PivotGroup.h">
      <Filter>Header Files</Filter>
    </ClInclude>
    <ClInclude Include="Pivots.h">
      <Filter>Header Files</Filter>
    </ClInclude>
    <ClInclude Include="RunningMinMax.h">
      <Filter>Header Files</Filter>
    </ClInclude>
    <ClInclude Include="RunningStats.h">
      <Filter>Header Files</Filter>
    </ClInclude>
    <ClInclude Include="SlidingWindow.h">
      <Filter>Header Files</Filter>
    </ClInclude>
    <ClInclude Include="StatsInSlidingWindow.h">
      <Filter>Header Files</Filter>
    </ClInclude>
    <ClInclude Include="stdafx.h">
      <Filter>Header Files</Filter>
    </ClInclude>
    <ClInclude Include="targetver.h">
      <Filter>Header Files</Filter>
    </ClInclude>
    <ClInclude Include="TimeSeriesSlidingWindow.h">
      <Filter>Header Files</Filter>
    </ClInclude>
    <ClInclude Include="ZigZag.h">
      <Filter>Header Files</Filter>
    </ClInclude>
    <ClInclude Include="TSSWStats.h">
      <Filter>Header Files</Filter>
    </ClInclude>
    <ClInclude Include="TSSWStochastic.h">
      <Filter>Header Files</Filter>
    </ClInclude>
    <ClInclude Include="CalcAboveBelow.h">
      <Filter>Header Files</Filter>
    </ClInclude>
    <ClInclude Include="TSSWEfficiencyRatio.h">
      <Filter>Header Files</Filter>
    </ClInclude>
    <ClInclude Include="TSSWRunningTally.h">
      <Filter>Header Files</Filter>
    </ClInclude>
    <ClInclude Include="TSSWRateOfChange.h">
      <Filter>Header Files</Filter>
    </ClInclude>
    <ClInclude Include="TSReturns.h">
      <Filter>Header Files</Filter>
    </ClInclude>
    <ClInclude Include="TSHomogenization.h">
      <Filter>Header Files</Filter>
    </ClInclude>
    <ClInclude Include="TSSWTickFrequency.h">
      <Filter>Header Files</Filter>
    </ClInclude>
    <ClInclude Include="TSSWRealizedVolatility.h">
      <Filter>Header Files</Filter>
    </ClInclude>
    <ClInclude Include="TSEMA.h">
      <Filter>Header Files</Filter>
    </ClInclude>
  </ItemGroup>
  <ItemGroup>
    <None Include="ReadMe.txt" />
  </ItemGroup>
  <ItemGroup>
    <Filter Include="Source Files">
      <UniqueIdentifier>{a56eef7b-54e4-49e3-b13e-df55cc526096}</UniqueIdentifier>
    </Filter>
    <Filter Include="Header Files">
      <UniqueIdentifier>{e3a15ea8-3ff1-4aed-a683-47035e0d3ffe}</UniqueIdentifier>
    </Filter>
  </ItemGroup>
</Project>