<?xml version="1.0" encoding="utf-8"?>
<Project ToolsVersion="4.0" xmlns="http://schemas.microsoft.com/developer/msbuild/2003">
  <ItemGroup>
    <ClCompile Include="AutoIncKeys.cpp">
      <Filter>Source Files</Filter>
    </ClCompile>
    <ClCompile Include="DbValueStream.cpp">
      <Filter>Source Files</Filter>
    </ClCompile>
    <ClCompile Include="EnvManager.cpp">
      <Filter>Source Files</Filter>
    </ClCompile>
    <ClCompile Include="KeyValuePair.cpp">
      <Filter>Source Files</Filter>
    </ClCompile>
    <ClCompile Include="KeyValuePairs.cpp">
      <Filter>Source Files</Filter>
    </ClCompile>
    <ClCompile Include="Record.cpp">
      <Filter>Source Files</Filter>
    </ClCompile>
    <ClCompile Include="stdafx.cpp">
      <Filter>Source Files</Filter>
    </ClCompile>
  </ItemGroup>
  <ItemGroup>
    <ClInclude Include="AutoIncKeys.h">
      <Filter>Header Files</Filter>
    </ClInclude>
    <ClInclude Include="BerkeleyDb.h">
      <Filter>Header Files</Filter>
    </ClInclude>
    <ClInclude Include="CommonDatabaseFunctions.h">
      <Filter>Header Files</Filter>
    </ClInclude>
    <ClInclude Include="DbValueStream.h">
      <Filter>Header Files</Filter>
    </ClInclude>
    <ClInclude Include="EnvManager.h">
      <Filter>Header Files</Filter>
    </ClInclude>
    <ClInclude Include="KeyValuePair.h">
      <Filter>Header Files</Filter>
    </ClInclude>
    <ClInclude Include="KeyValuePairs.h">
      <Filter>Header Files</Filter>
    </ClInclude>
    <ClInclude Include="Record.h">
      <Filter>Header Files</Filter>
    </ClInclude>
    <ClInclude Include="stdafx.h">
      <Filter>Header Files</Filter>
    </ClInclude>
    <ClInclude Include="targetver.h">
      <Filter>Header Files</Filter>
    </ClInclude>
  </ItemGroup>
  <ItemGroup>
    <None Include="ReadMe.txt" />
  </ItemGroup>
  <ItemGroup>
    <Filter Include="Source Files">
      <UniqueIdentifier>{8a5edbf6-43e0-4571-8c94-d5ddbb84e3e4}</UniqueIdentifier>
    </Filter>
    <Filter Include="Header Files">
      <UniqueIdentifier>{9582d7ec-bfb8-43f5-9cd2-407bece4bedf}</UniqueIdentifier>
    </Filter>
  </ItemGroup>
</Project>