<?xml version="1.0" encoding="utf-8"?>
<Project ToolsVersion="4.0" xmlns="http://schemas.microsoft.com/developer/msbuild/2003">
  <ItemGroup>
    <ClCompile Include="IQFeed.cpp">
      <Filter>Source Files</Filter>
    </ClCompile>
    <ClCompile Include="IQFeedHistoryCollector.cpp">
      <Filter>Source Files</Filter>
    </ClCompile>
    <ClCompile Include="IQFeedInstrumentFile.cpp">
      <Filter>Source Files</Filter>
    </ClCompile>
    <ClCompile Include="IQFeedMessages.cpp">
      <Filter>Source Files</Filter>
    </ClCompile>
    <ClCompile Include="IQFeedOptions.cpp">
      <Filter>Source Files</Filter>
    </ClCompile>
    <ClCompile Include="IQFeedProvider.cpp">
      <Filter>Source Files</Filter>
    </ClCompile>
    <ClCompile Include="IQFeedSymbol.cpp">
      <Filter>Source Files</Filter>
    </ClCompile>
    <ClCompile Include="IQFeedSymbolFile.cpp">
      <Filter>Source Files</Filter>
    </ClCompile>
    <ClCompile Include="stdafx.cpp">
      <Filter>Source Files</Filter>
    </ClCompile>
    <ClCompile Include="MarketSymbols.cpp">
      <Filter>Source Files\MarketSymbols</Filter>
    </ClCompile>
    <ClCompile Include="CurlGetMktSymbols.cpp">
      <Filter>Source Files\MarketSymbols</Filter>
    </ClCompile>
    <ClCompile Include="MarketSymbol.cpp">
      <Filter>Source Files\MarketSymbols</Filter>
    </ClCompile>
    <ClCompile Include="ParseMktSymbolLine.cpp">
      <Filter>Source Files\MarketSymbols</Filter>
    </ClCompile>
    <ClCompile Include="ValidateMktSymbolLine.cpp">
      <Filter>Source Files\MarketSymbols</Filter>
    </ClCompile>
    <ClCompile Include="ParseMktSymbolDiskFile.cpp">
      <Filter>Source Files\MarketSymbols</Filter>
    </ClCompile>
    <ClCompile Include="UnzipMktSymbols.cpp">
      <Filter>Source Files\MarketSymbols</Filter>
    </ClCompile>
    <ClCompile Include="InMemoryMktSymbolList.cpp">
      <Filter>Source Files\MarketSymbols</Filter>
    </ClCompile>
    <ClCompile Include="LoadMktSymbols.cpp">
      <Filter>Source Files\MarketSymbols</Filter>
    </ClCompile>
    <ClCompile Include="Option.cpp">
      <Filter>Source Files</Filter>
    </ClCompile>
    <ClCompile Include="BuildInstrument.cpp" />
  </ItemGroup>
  <ItemGroup>
    <ClInclude Include="IQFeed.h">
      <Filter>Header Files</Filter>
    </ClInclude>
    <ClInclude Include="IQFeedHistoryBulkQuery.h">
      <Filter>Header Files</Filter>
    </ClInclude>
    <ClInclude Include="IQFeedHistoryBulkQueryMsgShim.h">
      <Filter>Header Files</Filter>
    </ClInclude>
    <ClInclude Include="IQFeedHistoryQuery.h">
      <Filter>Header Files</Filter>
    </ClInclude>
    <ClInclude Include="IQFeedHistoryQueryMsgShim.h">
      <Filter>Header Files</Filter>
    </ClInclude>
    <ClInclude Include="IQFeedInstrumentFile.h">
      <Filter>Header Files</Filter>
    </ClInclude>
    <ClInclude Include="IQFeedMessages.h">
      <Filter>Header Files</Filter>
    </ClInclude>
    <ClInclude Include="IQFeedMsgShim.h">
      <Filter>Header Files</Filter>
    </ClInclude>
    <ClInclude Include="IQFeedNewsQuery.h">
      <Filter>Header Files</Filter>
    </ClInclude>
    <ClInclude Include="IQFeedNewsQueryMsgShim.h">
      <Filter>Header Files</Filter>
    </ClInclude>
    <ClInclude Include="IQFeedSymbolFile.h">
      <Filter>Header Files</Filter>
    </ClInclude>
    <ClInclude Include="stdafx.h">
      <Filter>Header Files</Filter>
    </ClInclude>
    <ClInclude Include="targetver.h">
      <Filter>Header Files</Filter>
    </ClInclude>
    <ClInclude Include="IQFeedSymbol.h">
      <Filter>Header Files</Filter>
    </ClInclude>
    <ClInclude Include="IQFeedProvider.h">
      <Filter>Header Files</Filter>
    </ClInclude>
    <ClInclude Include="CurlGetMktSymbols.h">
      <Filter>Header Files\MarketSymbols</Filter>
    </ClInclude>
    <ClInclude Include="MarketSymbol.h">
      <Filter>Header Files\MarketSymbols</Filter>
    </ClInclude>
    <ClInclude Include="MarketSymbols.h">
      <Filter>Header Files\MarketSymbols</Filter>
    </ClInclude>
    <ClInclude Include="ParseOptionDescription.h">
      <Filter>Header Files\MarketSymbols</Filter>
    </ClInclude>
    <ClInclude Include="ParseMktSymbolLine.h">
      <Filter>Header Files\MarketSymbols</Filter>
    </ClInclude>
    <ClInclude Include="ValidateMktSymbolLine.h">
      <Filter>Header Files\MarketSymbols</Filter>
    </ClInclude>
    <ClInclude Include="ParseMktSymbolDiskFile.h">
      <Filter>Header Files\MarketSymbols</Filter>
    </ClInclude>
    <ClInclude Include="UnzipMktSymbols.h">
      <Filter>Header Files\MarketSymbols</Filter>
    </ClInclude>
    <ClInclude Include="InMemoryMktSymbolList.h">
      <Filter>Header Files\MarketSymbols</Filter>
    </ClInclude>
    <ClInclude Include="LoadMktSymbols.h">
      <Filter>Header Files\MarketSymbols</Filter>
    </ClInclude>
    <ClInclude Include="IQFeedHistoryCollector.h">
      <Filter>Header Files</Filter>
    </ClInclude>
    <ClInclude Include="ParseOptionSymbol.h">
      <Filter>Header Files\MarketSymbols</Filter>
    </ClInclude>
    <ClInclude Include="Option.h">
      <Filter>Header Files</Filter>
    </ClInclude>
    <ClInclude Include="IQFeedOptions.h">
      <Filter>Header Files</Filter>
    </ClInclude>
    <ClInclude Include="ParseFOptionDescription.h">
      <Filter>Header Files\MarketSymbols</Filter>
    </ClInclude>
    <ClInclude Include="BuildInstrument.h" />
  </ItemGroup>
  <ItemGroup>
    <None Include="ReadMe.txt" />
  </ItemGroup>
  <ItemGroup>
    <Filter Include="Header Files">
      <UniqueIdentifier>{269fb6e4-f70e-4003-adf6-4ab836282636}</UniqueIdentifier>
    </Filter>
    <Filter Include="Source Files">
      <UniqueIdentifier>{fee044c0-3ca5-4317-bde4-1936e4f256e7}</UniqueIdentifier>
    </Filter>
    <Filter Include="Header Files\MarketSymbols">
      <UniqueIdentifier>{e89af7fd-e224-4d76-96b3-b5859b05f83d}</UniqueIdentifier>
    </Filter>
    <Filter Include="Source Files\MarketSymbols">
      <UniqueIdentifier>{a045e3c8-a29c-42cf-889e-2e3923ab835b}</UniqueIdentifier>
    </Filter>
  </ItemGroup>
</Project>