<?xml version="1.0" encoding="utf-8"?>
<Project ToolsVersion="4.0" xmlns="http://schemas.microsoft.com/developer/msbuild/2003">
  <ItemGroup>
    <ClCompile Include="SimulateOrderExecution.cpp">
      <Filter>Source Files</Filter>
    </ClCompile>
    <ClCompile Include="SimulationProvider.cpp">
      <Filter>Source Files</Filter>
    </ClCompile>
    <ClCompile Include="SimulationSymbol.cpp">
      <Filter>Source Files</Filter>
    </ClCompile>
    <ClCompile Include="stdafx.cpp">
      <Filter>Source Files</Filter>
    </ClCompile>
    <ClCompile Include="CrossThreadMerge.cpp">
      <Filter>Source Files</Filter>
    </ClCompile>
  </ItemGroup>
  <ItemGroup>
    <ClInclude Include="CrossThreadMerge.h">
      <Filter>Header Files</Filter>
    </ClInclude>
    <ClInclude Include="SimulateOrderExecution.h">
      <Filter>Header Files</Filter>
    </ClInclude>
    <ClInclude Include="SimulationProvider.h">
      <Filter>Header Files</Filter>
    </ClInclude>
    <ClInclude Include="SimulationSymbol.h">
      <Filter>Header Files</Filter>
    </ClInclude>
    <ClInclude Include="stdafx.h">
      <Filter>Header Files</Filter>
    </ClInclude>
    <ClInclude Include="targetver.h">
      <Filter>Header Files</Filter>
    </ClInclude>
  </ItemGroup>
  <ItemGroup>
    <None Include="ClassDiagram1.cd" />
    <None Include="ReadMe.txt" />
  </ItemGroup>
  <ItemGroup>
    <Filter Include="Header Files">
      <UniqueIdentifier>{a80ea3e8-14aa-483f-b708-199f3daa734d}</UniqueIdentifier>
    </Filter>
    <Filter Include="Source Files">
      <UniqueIdentifier>{8a4b3c05-3691-4190-b21b-f49778ce5880}</UniqueIdentifier>
    </Filter>
  </ItemGroup>
</Project>