<?xml version="1.0" encoding="utf-8"?>
<Project ToolsVersion="4.0" xmlns="http://schemas.microsoft.com/developer/msbuild/2003">
  <ItemGroup>
    <ClCompile Include="Account.cpp">
      <Filter>Source Files</Filter>
    </ClCompile>
    <ClCompile Include="AccountAdvisor.cpp">
      <Filter>Source Files</Filter>
    </ClCompile>
    <ClCompile Include="AccountOwner.cpp">
      <Filter>Source Files</Filter>
    </ClCompile>
    <ClCompile Include="AlternateInstrumentNames.cpp">
      <Filter>Source Files</Filter>
    </ClCompile>
    <ClCompile Include="Exchange.cpp">
      <Filter>Source Files</Filter>
    </ClCompile>
    <ClCompile Include="Execution.cpp">
      <Filter>Source Files</Filter>
    </ClCompile>
    <ClCompile Include="Instrument.cpp">
      <Filter>Source Files</Filter>
    </ClCompile>
    <ClCompile Include="InstrumentInformation.cpp">
      <Filter>Source Files</Filter>
    </ClCompile>
    <ClCompile Include="Order.cpp">
      <Filter>Source Files</Filter>
    </ClCompile>
    <ClCompile Include="Portfolio.cpp">
      <Filter>Source Files</Filter>
    </ClCompile>
    <ClCompile Include="Position.cpp">
      <Filter>Source Files</Filter>
    </ClCompile>
    <ClCompile Include="stdafx.cpp">
      <Filter>Source Files</Filter>
    </ClCompile>
    <ClCompile Include="Symbol.cpp">
      <Filter>Source Files</Filter>
    </ClCompile>
    <ClCompile Include="TradingEnumerations.cpp">
      <Filter>Source Files</Filter>
    </ClCompile>
    <ClCompile Include="KeyTypes.cpp">
      <Filter>Source Files</Filter>
    </ClCompile>
    <ClCompile Include="Managers.cpp">
      <Filter>Source Files</Filter>
    </ClCompile>
    <ClCompile Include="AccountManager.cpp">
      <Filter>Source Files\Managers</Filter>
    </ClCompile>
    <ClCompile Include="InstrumentManager.cpp">
      <Filter>Source Files\Managers</Filter>
    </ClCompile>
    <ClCompile Include="OrderManager.cpp">
      <Filter>Source Files\Managers</Filter>
    </ClCompile>
    <ClCompile Include="PortfolioManager.cpp">
      <Filter>Source Files\Managers</Filter>
    </ClCompile>
    <ClCompile Include="ProviderManager.cpp">
      <Filter>Source Files\Managers</Filter>
    </ClCompile>
    <ClCompile Include="Database.cpp">
      <Filter>Source Files</Filter>
    </ClCompile>
    <ClCompile Include="DBOps.cpp">
      <Filter>Source Files</Filter>
    </ClCompile>
    <ClCompile Include="MarketStates.cpp">
      <Filter>Source Files</Filter>
    </ClCompile>
    <ClCompile Include="InstrumentData.cpp">
      <Filter>Source Files</Filter>
    </ClCompile>
    <ClCompile Include="DailyTradeTimeFrames.cpp">
      <Filter>Source Files</Filter>
    </ClCompile>
    <ClCompile Include="CashTransaction.cpp">
      <Filter>Source Files\Cash</Filter>
    </ClCompile>
    <ClCompile Include="Currency.cpp">
      <Filter>Source Files\Cash</Filter>
    </ClCompile>
    <ClCompile Include="CashAccount.cpp">
      <Filter>Source Files\Cash</Filter>
    </ClCompile>
    <ClCompile Include="CashManager.cpp">
      <Filter>Source Files\Managers</Filter>
    </ClCompile>
    <ClCompile Include="RiskManager.cpp">
      <Filter>Source Files\Managers</Filter>
    </ClCompile>
  </ItemGroup>
  <ItemGroup>
    <ClInclude Include="Account.h">
      <Filter>Header Files</Filter>
    </ClInclude>
    <ClInclude Include="AccountAdvisor.h">
      <Filter>Header Files</Filter>
    </ClInclude>
    <ClInclude Include="AccountOwner.h">
      <Filter>Header Files</Filter>
    </ClInclude>
    <ClInclude Include="AlternateInstrumentNames.h">
      <Filter>Header Files</Filter>
    </ClInclude>
    <ClInclude Include="Exchange.h">
      <Filter>Header Files</Filter>
    </ClInclude>
    <ClInclude Include="Execution.h">
      <Filter>Header Files</Filter>
    </ClInclude>
    <ClInclude Include="Instrument.h">
      <Filter>Header Files</Filter>
    </ClInclude>
    <ClInclude Include="InstrumentInformation.h">
      <Filter>Header Files</Filter>
    </ClInclude>
    <ClInclude Include="Order.h">
      <Filter>Header Files</Filter>
    </ClInclude>
    <ClInclude Include="Portfolio.h">
      <Filter>Header Files</Filter>
    </ClInclude>
    <ClInclude Include="Position.h">
      <Filter>Header Files</Filter>
    </ClInclude>
    <ClInclude Include="ProviderInterface.h">
      <Filter>Header Files</Filter>
    </ClInclude>
    <ClInclude Include="stdafx.h">
      <Filter>Header Files</Filter>
    </ClInclude>
    <ClInclude Include="Symbol.h">
      <Filter>Header Files</Filter>
    </ClInclude>
    <ClInclude Include="targetver.h">
      <Filter>Header Files</Filter>
    </ClInclude>
    <ClInclude Include="TradingEnumerations.h">
      <Filter>Header Files</Filter>
    </ClInclude>
    <ClInclude Include="KeyTypes.h">
      <Filter>Header Files</Filter>
    </ClInclude>
    <ClInclude Include="Managers.h">
      <Filter>Header Files</Filter>
    </ClInclude>
    <ClInclude Include="Database.h">
      <Filter>Header Files</Filter>
    </ClInclude>
    <ClInclude Include="ProviderManager.h">
      <Filter>Header Files\Managers</Filter>
    </ClInclude>
    <ClInclude Include="PortfolioManager.h">
      <Filter>Header Files\Managers</Filter>
    </ClInclude>
    <ClInclude Include="OrderManager.h">
      <Filter>Header Files\Managers</Filter>
    </ClInclude>
    <ClInclude Include="InstrumentManager.h">
      <Filter>Header Files\Managers</Filter>
    </ClInclude>
    <ClInclude Include="AccountManager.h">
      <Filter>Header Files\Managers</Filter>
    </ClInclude>
    <ClInclude Include="DBOps.h">
      <Filter>Header Files</Filter>
    </ClInclude>
    <ClInclude Include="MarketStates.h">
      <Filter>Header Files</Filter>
    </ClInclude>
    <ClInclude Include="InstrumentData.h">
      <Filter>Header Files</Filter>
    </ClInclude>
    <ClInclude Include="DailyTradeTimeFrames.h">
      <Filter>Header Files</Filter>
    </ClInclude>
    <ClInclude Include="CashAccount.h">
      <Filter>Header Files\Cash</Filter>
    </ClInclude>
    <ClInclude Include="CashTransaction.h">
      <Filter>Header Files\Cash</Filter>
    </ClInclude>
    <ClInclude Include="Currency.h">
      <Filter>Header Files\Cash</Filter>
    </ClInclude>
    <ClInclude Include="RiskManager.h">
      <Filter>Header Files\Managers</Filter>
    </ClInclude>
    <ClInclude Include="CashManager.h">
      <Filter>Header Files\Managers</Filter>
    </ClInclude>
  </ItemGroup>
  <ItemGroup>
    <None Include="ReadMe.txt" />
  </ItemGroup>
  <ItemGroup>
    <Filter Include="Header Files">
      <UniqueIdentifier>{a825ef76-2504-4b12-8cb2-eea806f4a6a6}</UniqueIdentifier>
    </Filter>
    <Filter Include="Source Files">
      <UniqueIdentifier>{7f6bf0a3-b948-4e0e-a0d8-faee63f6eaff}</UniqueIdentifier>
    </Filter>
    <Filter Include="Header Files\Managers">
      <UniqueIdentifier>{196e29f6-bc4b-437f-8ae3-72add664e2ae}</UniqueIdentifier>
    </Filter>
    <Filter Include="Source Files\Managers">
      <UniqueIdentifier>{da884b62-8081-4432-8128-8f25989ea5cb}</UniqueIdentifier>
    </Filter>
    <Filter Include="Header Files\Cash">
      <UniqueIdentifier>{23db06db-ec16-49b2-ae53-201e1b804cf0}</UniqueIdentifier>
    </Filter>
    <Filter Include="Source Files\Cash">
      <UniqueIdentifier>{fe33e62a-34bc-485c-a7bf-1835a889d760}</UniqueIdentifier>
    </Filter>
  </ItemGroup>
</Project>