<?xml version="1.0" encoding="utf-8"?>
<Project ToolsVersion="4.0" xmlns="http://schemas.microsoft.com/developer/msbuild/2003">
  <ItemGroup>
    <ClCompile Include="Account.cpp">
      <Filter>Source Files</Filter>
    </ClCompile>
    <ClCompile Include="AccountAdvisor.cpp">
      <Filter>Source Files</Filter>
    </ClCompile>
    <ClCompile Include="AccountManager.cpp">
      <Filter>Source Files</Filter>
    </ClCompile>
    <ClCompile Include="AccountOwner.cpp">
      <Filter>Source Files</Filter>
    </ClCompile>
    <ClCompile Include="AlternateInstrumentNames.cpp">
      <Filter>Source Files</Filter>
    </ClCompile>
    <ClCompile Include="Exchange.cpp">
      <Filter>Source Files</Filter>
    </ClCompile>
    <ClCompile Include="Execution.cpp">
      <Filter>Source Files</Filter>
    </ClCompile>
    <ClCompile Include="Instrument.cpp">
      <Filter>Source Files</Filter>
    </ClCompile>
    <ClCompile Include="InstrumentInformation.cpp">
      <Filter>Source Files</Filter>
    </ClCompile>
    <ClCompile Include="InstrumentManager.cpp">
      <Filter>Source Files</Filter>
    </ClCompile>
    <ClCompile Include="Order.cpp">
      <Filter>Source Files</Filter>
    </ClCompile>
    <ClCompile Include="OrderManager.cpp">
      <Filter>Source Files</Filter>
    </ClCompile>
    <ClCompile Include="Portfolio.cpp">
      <Filter>Source Files</Filter>
    </ClCompile>
    <ClCompile Include="PortfolioManager.cpp">
      <Filter>Source Files</Filter>
    </ClCompile>
    <ClCompile Include="Position.cpp">
      <Filter>Source Files</Filter>
    </ClCompile>
    <ClCompile Include="ProviderManager.cpp">
      <Filter>Source Files</Filter>
    </ClCompile>
    <ClCompile Include="stdafx.cpp">
      <Filter>Source Files</Filter>
    </ClCompile>
    <ClCompile Include="Symbol.cpp">
      <Filter>Source Files</Filter>
    </ClCompile>
    <ClCompile Include="TradingEnumerations.cpp">
      <Filter>Source Files</Filter>
    </ClCompile>
    <ClCompile Include="KeyTypes.cpp">
      <Filter>Source Files</Filter>
    </ClCompile>
  </ItemGroup>
  <ItemGroup>
    <ClInclude Include="Account.h">
      <Filter>Header Files</Filter>
    </ClInclude>
    <ClInclude Include="AccountAdvisor.h">
      <Filter>Header Files</Filter>
    </ClInclude>
    <ClInclude Include="AccountManager.h">
      <Filter>Header Files</Filter>
    </ClInclude>
    <ClInclude Include="AccountOwner.h">
      <Filter>Header Files</Filter>
    </ClInclude>
    <ClInclude Include="AlternateInstrumentNames.h">
      <Filter>Header Files</Filter>
    </ClInclude>
    <ClInclude Include="Exchange.h">
      <Filter>Header Files</Filter>
    </ClInclude>
    <ClInclude Include="Execution.h">
      <Filter>Header Files</Filter>
    </ClInclude>
    <ClInclude Include="Instrument.h">
      <Filter>Header Files</Filter>
    </ClInclude>
    <ClInclude Include="InstrumentInformation.h">
      <Filter>Header Files</Filter>
    </ClInclude>
    <ClInclude Include="InstrumentManager.h">
      <Filter>Header Files</Filter>
    </ClInclude>
    <ClInclude Include="ManagerBase.h">
      <Filter>Header Files</Filter>
    </ClInclude>
    <ClInclude Include="Order.h">
      <Filter>Header Files</Filter>
    </ClInclude>
    <ClInclude Include="OrderManager.h">
      <Filter>Header Files</Filter>
    </ClInclude>
    <ClInclude Include="Portfolio.h">
      <Filter>Header Files</Filter>
    </ClInclude>
    <ClInclude Include="PortfolioManager.h">
      <Filter>Header Files</Filter>
    </ClInclude>
    <ClInclude Include="Position.h">
      <Filter>Header Files</Filter>
    </ClInclude>
    <ClInclude Include="ProviderInterface.h">
      <Filter>Header Files</Filter>
    </ClInclude>
    <ClInclude Include="ProviderManager.h">
      <Filter>Header Files</Filter>
    </ClInclude>
    <ClInclude Include="stdafx.h">
      <Filter>Header Files</Filter>
    </ClInclude>
    <ClInclude Include="Symbol.h">
      <Filter>Header Files</Filter>
    </ClInclude>
    <ClInclude Include="targetver.h">
      <Filter>Header Files</Filter>
    </ClInclude>
    <ClInclude Include="TradingEnumerations.h">
      <Filter>Header Files</Filter>
    </ClInclude>
    <ClInclude Include="KeyTypes.h">
      <Filter>Header Files</Filter>
    </ClInclude>
    <ClInclude Include="Managers.h">
      <Filter>Header Files</Filter>
    </ClInclude>
  </ItemGroup>
  <ItemGroup>
    <None Include="ReadMe.txt" />
  </ItemGroup>
  <ItemGroup>
    <Filter Include="Header Files">
      <UniqueIdentifier>{a825ef76-2504-4b12-8cb2-eea806f4a6a6}</UniqueIdentifier>
    </Filter>
    <Filter Include="Source Files">
      <UniqueIdentifier>{7f6bf0a3-b948-4e0e-a0d8-faee63f6eaff}</UniqueIdentifier>
    </Filter>
  </ItemGroup>
</Project>