<?xml version="1.0" encoding="utf-8"?>
<Project ToolsVersion="4.0" xmlns="http://schemas.microsoft.com/developer/msbuild/2003">
  <ItemGroup>
    <ClCompile Include="ChartEntryIndicator.cpp">
      <Filter>Source Files</Filter>
    </ClCompile>
    <ClCompile Include="ChartEntryMark.cpp">
      <Filter>Source Files</Filter>
    </ClCompile>
    <ClCompile Include="ChartEntrySegments.cpp">
      <Filter>Source Files</Filter>
    </ClCompile>
    <ClCompile Include="ChartEntryShape.cpp">
      <Filter>Source Files</Filter>
    </ClCompile>
    <ClCompile Include="ChartEntryBars.cpp">
      <Filter>Source Files</Filter>
    </ClCompile>
    <ClCompile Include="ChartDataView.cpp">
      <Filter>Source Files</Filter>
    </ClCompile>
    <ClCompile Include="ChartEntryBase.cpp">
      <Filter>Source Files</Filter>
    </ClCompile>
    <ClCompile Include="stdafx.cpp">
      <Filter>Source Files</Filter>
    </ClCompile>
    <ClCompile Include="ChartMaster.cpp">
      <Filter>Source Files</Filter>
    </ClCompile>
    <ClCompile Include="ChartEntryVolume.cpp">
      <Filter>Source Files</Filter>
    </ClCompile>
  </ItemGroup>
  <ItemGroup>
    <ClInclude Include="ChartDataView.h">
      <Filter>Header Files</Filter>
    </ClInclude>
    <ClInclude Include="ChartEntryBars.h">
      <Filter>Header Files</Filter>
    </ClInclude>
    <ClInclude Include="ChartEntryBase.h">
      <Filter>Header Files</Filter>
    </ClInclude>
    <ClInclude Include="ChartEntryIndicator.h">
      <Filter>Header Files</Filter>
    </ClInclude>
    <ClInclude Include="ChartEntryMark.h">
      <Filter>Header Files</Filter>
    </ClInclude>
    <ClInclude Include="ChartEntrySegments.h">
      <Filter>Header Files</Filter>
    </ClInclude>
    <ClInclude Include="ChartEntryShape.h">
      <Filter>Header Files</Filter>
    </ClInclude>
    <ClInclude Include="stdafx.h">
      <Filter>Header Files</Filter>
    </ClInclude>
    <ClInclude Include="targetver.h">
      <Filter>Header Files</Filter>
    </ClInclude>
    <ClInclude Include="ChartDirector\bchartdir.h">
      <Filter>ChartDir</Filter>
    </ClInclude>
    <ClInclude Include="ChartDirector\chartdir.h">
      <Filter>ChartDir</Filter>
    </ClInclude>
    <ClInclude Include="ChartDirector\FinanceChart.h">
      <Filter>ChartDir</Filter>
    </ClInclude>
    <ClInclude Include="ChartDirector\memblock.h">
      <Filter>ChartDir</Filter>
    </ClInclude>
    <ClInclude Include="ChartMaster.h">
      <Filter>Header Files</Filter>
    </ClInclude>
    <ClInclude Include="ChartEntryVolume.h">
      <Filter>Header Files</Filter>
    </ClInclude>
    <ClInclude Include="ChartDirector64\bchartdir.h">
      <Filter>ChartDir64</Filter>
    </ClInclude>
    <ClInclude Include="ChartDirector64\chartdir.h">
      <Filter>ChartDir64</Filter>
    </ClInclude>
    <ClInclude Include="ChartDirector64\FinanceChart.h">
      <Filter>ChartDir64</Filter>
    </ClInclude>
    <ClInclude Include="ChartDirector64\memblock.h">
      <Filter>ChartDir64</Filter>
    </ClInclude>
  </ItemGroup>
  <ItemGroup>
    <None Include="ReadMe.txt" />
  </ItemGroup>
  <ItemGroup>
    <Filter Include="Header Files">
      <UniqueIdentifier>{551f9f6c-13b4-441e-a2d2-2235b00544b2}</UniqueIdentifier>
    </Filter>
    <Filter Include="Source Files">
      <UniqueIdentifier>{fbede45c-5801-4187-a087-d7be54d8da13}</UniqueIdentifier>
    </Filter>
    <Filter Include="ChartDir">
      <UniqueIdentifier>{0063f308-c1e3-407d-ae6a-2bfee8ad2ee6}</UniqueIdentifier>
    </Filter>
    <Filter Include="ChartDir64">
      <UniqueIdentifier>{586e0da7-7cc3-4c41-848f-ffee4ad3fca2}</UniqueIdentifier>
    </Filter>
  </ItemGroup>
</Project>