<?xml version="1.0" encoding="utf-8"?>
<Project ToolsVersion="4.0" xmlns="http://schemas.microsoft.com/developer/msbuild/2003">
  <ItemGroup>
    <Filter Include="Source Files">
      <UniqueIdentifier>{4FC737F1-C7A5-4376-A066-2A32D752A2FF}</UniqueIdentifier>
      <Extensions>cpp;c;cc;cxx;def;odl;idl;hpj;bat;asm;asmx</Extensions>
    </Filter>
    <Filter Include="Header Files">
      <UniqueIdentifier>{93995380-89BD-4b04-88EB-625FBE52EBFB}</UniqueIdentifier>
      <Extensions>h;hpp;hxx;hm;inl;inc;xsd</Extensions>
    </Filter>
    <Filter Include="Resource Files">
      <UniqueIdentifier>{67DA6AB6-F800-4c08-8B7A-83BB121AAD01}</UniqueIdentifier>
      <Extensions>rc;ico;cur;bmp;dlg;rc2;rct;bin;rgs;gif;jpg;jpeg;jpe;resx;tiff;tif;png;wav;mfcribbon-ms</Extensions>
    </Filter>
  </ItemGroup>
  <ItemGroup>
    <None Include="ReadMe.txt" />
    <None Include="small.ico">
      <Filter>Resource Files</Filter>
    </None>
    <None Include="GTScalp.ico">
      <Filter>Resource Files</Filter>
    </None>
    <None Include="mfc.txt" />
    <None Include="notes.txt" />
    <None Include="fuzzycandles.txt" />
  </ItemGroup>
  <ItemGroup>
    <ClInclude Include="stdafx.h">
      <Filter>Header Files</Filter>
    </ClInclude>
    <ClInclude Include="targetver.h">
      <Filter>Header Files</Filter>
    </ClInclude>
    <ClInclude Include="Resource.h">
      <Filter>Header Files</Filter>
    </ClInclude>
    <ClInclude Include="GTScalp.h">
      <Filter>Header Files</Filter>
    </ClInclude>
    <ClInclude Include="CtlKeyValues.h">
      <Filter>Header Files</Filter>
    </ClInclude>
    <ClInclude Include="CtlMarketDepth.h">
      <Filter>Header Files</Filter>
    </ClInclude>
    <ClInclude Include="CtlPendingOrders.h">
      <Filter>Header Files</Filter>
    </ClInclude>
    <ClInclude Include="DataRow.h">
      <Filter>Header Files</Filter>
    </ClInclude>
    <ClInclude Include="DataRowElement.h">
      <Filter>Header Files</Filter>
    </ClInclude>
    <ClInclude Include="DataRows.h">
      <Filter>Header Files</Filter>
    </ClInclude>
    <ClInclude Include="DeltaMarker.h">
      <Filter>Header Files</Filter>
    </ClInclude>
    <ClInclude Include="ChartArmsIntraDay.h">
      <Filter>Header Files</Filter>
    </ClInclude>
    <ClInclude Include="ChartDatedDatum.h">
      <Filter>Header Files</Filter>
    </ClInclude>
    <ClInclude Include="ChartViewerShim.h">
      <Filter>Header Files</Filter>
    </ClInclude>
    <ClInclude Include="GTScalpDlg.h">
      <Filter>Header Files</Filter>
    </ClInclude>
    <ClInclude Include="MarketProfile.h">
      <Filter>Header Files</Filter>
    </ClInclude>
    <ClInclude Include="RowKeyValues.h">
      <Filter>Header Files</Filter>
    </ClInclude>
    <ClInclude Include="Scripts.h">
      <Filter>Header Files</Filter>
    </ClInclude>
    <ClInclude Include="SymbolSelectionFilter.h">
      <Filter>Header Files</Filter>
    </ClInclude>
    <ClInclude Include="TradeFrame.h">
      <Filter>Header Files</Filter>
    </ClInclude>
    <ClInclude Include="TradingLogic.h">
      <Filter>Header Files</Filter>
    </ClInclude>
    <ClInclude Include="VisibleElement.h">
      <Filter>Header Files</Filter>
    </ClInclude>
    <ClInclude Include="VisibleRow.h">
      <Filter>Header Files</Filter>
    </ClInclude>
    <ClInclude Include="VuChart.h">
      <Filter>Header Files</Filter>
    </ClInclude>
    <ClInclude Include="VuChartArmsIntraDay.h">
      <Filter>Header Files</Filter>
    </ClInclude>
    <ClInclude Include="VuIndicies.h">
      <Filter>Header Files</Filter>
    </ClInclude>
    <ClInclude Include="VuKeyValues.h">
      <Filter>Header Files</Filter>
    </ClInclude>
    <ClInclude Include="VuListCtl.h">
      <Filter>Header Files</Filter>
    </ClInclude>
    <ClInclude Include="VuMarketDepth.h">
      <Filter>Header Files</Filter>
    </ClInclude>
    <ClInclude Include="VuOptions.h">
      <Filter>Header Files</Filter>
    </ClInclude>
    <ClInclude Include="VuPendingOrders.h">
      <Filter>Header Files</Filter>
    </ClInclude>
    <ClInclude Include="VuSymbolsOfInterest.h">
      <Filter>Header Files</Filter>
    </ClInclude>
  </ItemGroup>
  <ItemGroup>
    <ClCompile Include="stdafx.cpp">
      <Filter>Source Files</Filter>
    </ClCompile>
    <ClCompile Include="GTScalp.cpp">
      <Filter>Source Files</Filter>
    </ClCompile>
    <ClCompile Include="VuChart.cpp">
      <Filter>Source Files</Filter>
    </ClCompile>
    <ClCompile Include="VuChartArmsIntraDay.cpp">
      <Filter>Source Files</Filter>
    </ClCompile>
    <ClCompile Include="VuIndicies.cpp">
      <Filter>Source Files</Filter>
    </ClCompile>
    <ClCompile Include="VuKeyValues.cpp">
      <Filter>Source Files</Filter>
    </ClCompile>
    <ClCompile Include="VuMarketDepth.cpp">
      <Filter>Source Files</Filter>
    </ClCompile>
    <ClCompile Include="VuOptions.cpp">
      <Filter>Source Files</Filter>
    </ClCompile>
    <ClCompile Include="VuPendingOrders.cpp">
      <Filter>Source Files</Filter>
    </ClCompile>
    <ClCompile Include="VuSymbolsOfInterest.cpp">
      <Filter>Source Files</Filter>
    </ClCompile>
    <ClCompile Include="ChartArmsIntraDay.cpp">
      <Filter>Source Files</Filter>
    </ClCompile>
    <ClCompile Include="ChartDatedDatum.cpp">
      <Filter>Source Files</Filter>
    </ClCompile>
    <ClCompile Include="ChartViewerShim.cpp">
      <Filter>Source Files</Filter>
    </ClCompile>
    <ClCompile Include="CtlKeyValues.cpp">
      <Filter>Source Files</Filter>
    </ClCompile>
    <ClCompile Include="CtlMarketDepth.cpp">
      <Filter>Source Files</Filter>
    </ClCompile>
    <ClCompile Include="CtlPendingOrders.cpp">
      <Filter>Source Files</Filter>
    </ClCompile>
    <ClCompile Include="DataRow.cpp">
      <Filter>Source Files</Filter>
    </ClCompile>
    <ClCompile Include="DataRowElement.cpp">
      <Filter>Source Files</Filter>
    </ClCompile>
    <ClCompile Include="DataRows.cpp">
      <Filter>Source Files</Filter>
    </ClCompile>
    <ClCompile Include="DeltaMarker.cpp">
      <Filter>Source Files</Filter>
    </ClCompile>
    <ClCompile Include="Demo.cpp">
      <Filter>Source Files</Filter>
    </ClCompile>
    <ClCompile Include="GTScalpDlg.cpp">
      <Filter>Source Files</Filter>
    </ClCompile>
    <ClCompile Include="MarketProfile.cpp">
      <Filter>Source Files</Filter>
    </ClCompile>
    <ClCompile Include="RowKeyValues.cpp">
      <Filter>Source Files</Filter>
    </ClCompile>
    <ClCompile Include="Scripts.cpp">
      <Filter>Source Files</Filter>
    </ClCompile>
    <ClCompile Include="SymbolSelectionFilter.cpp">
      <Filter>Source Files</Filter>
    </ClCompile>
    <ClCompile Include="TradeFrame.cpp">
      <Filter>Source Files</Filter>
    </ClCompile>
    <ClCompile Include="TradingLogic.cpp">
      <Filter>Source Files</Filter>
    </ClCompile>
    <ClCompile Include="VisibleElement.cpp">
      <Filter>Source Files</Filter>
    </ClCompile>
    <ClCompile Include="VisibleRow.cpp">
      <Filter>Source Files</Filter>
    </ClCompile>
  </ItemGroup>
  <ItemGroup>
    <ResourceCompile Include="GTScalp.rc">
      <Filter>Resource Files</Filter>
    </ResourceCompile>
  </ItemGroup>
</Project>