<?xml version="1.0" encoding="utf-8"?>
<Project ToolsVersion="4.0" xmlns="http://schemas.microsoft.com/developer/msbuild/2003">
  <ItemGroup>
    <Filter Include="Source Files">
      <UniqueIdentifier>{4FC737F1-C7A5-4376-A066-2A32D752A2FF}</UniqueIdentifier>
      <Extensions>cpp;c;cc;cxx;def;odl;idl;hpj;bat;asm;asmx</Extensions>
    </Filter>
    <Filter Include="Header Files">
      <UniqueIdentifier>{93995380-89BD-4b04-88EB-625FBE52EBFB}</UniqueIdentifier>
      <Extensions>h;hpp;hxx;hm;inl;inc;xsd</Extensions>
    </Filter>
    <Filter Include="Resource Files">
      <UniqueIdentifier>{67DA6AB6-F800-4c08-8B7A-83BB121AAD01}</UniqueIdentifier>
      <Extensions>rc;ico;cur;bmp;dlg;rc2;rct;bin;rgs;gif;jpg;jpeg;jpe;resx;tiff;tif;png;wav;mfcribbon-ms</Extensions>
    </Filter>
  </ItemGroup>
  <ItemGroup>
    <None Include="ReadMe.txt" />
  </ItemGroup>
  <ItemGroup>
    <ClInclude Include="stdafx.h">
      <Filter>Header Files</Filter>
    </ClInclude>
    <ClInclude Include="targetver.h">
      <Filter>Header Files</Filter>
    </ClInclude>
    <ClInclude Include="ModelBase.h">
      <Filter>Header Files</Filter>
    </ClInclude>
    <ClInclude Include="ModelExecution.h">
      <Filter>Header Files</Filter>
    </ClInclude>
    <ClInclude Include="ModelOrder.h">
      <Filter>Header Files</Filter>
    </ClInclude>
    <ClInclude Include="ModelPortfolio.h">
      <Filter>Header Files</Filter>
    </ClInclude>
    <ClInclude Include="ModelPosition.h">
      <Filter>Header Files</Filter>
    </ClInclude>
    <ClInclude Include="VuBase.h">
      <Filter>Header Files</Filter>
    </ClInclude>
    <ClInclude Include="VuExecutions.h">
      <Filter>Header Files</Filter>
    </ClInclude>
    <ClInclude Include="VuOrders.h">
      <Filter>Header Files</Filter>
    </ClInclude>
    <ClInclude Include="VuPortfolios.h">
      <Filter>Header Files</Filter>
    </ClInclude>
    <ClInclude Include="VuPositions.h">
      <Filter>Header Files</Filter>
    </ClInclude>
    <ClInclude Include="PanelPortfolioPositionOrderExecution.h">
      <Filter>Header Files</Filter>
    </ClInclude>
    <ClInclude Include="PanelProviderControl.h">
      <Filter>Header Files</Filter>
    </ClInclude>
    <ClInclude Include="PanelManualOrder.h">
      <Filter>Header Files</Filter>
    </ClInclude>
    <ClInclude Include="ValidatorInstrumentName.h">
      <Filter>Header Files</Filter>
    </ClInclude>
    <ClInclude Include="PanelLogging.h">
      <Filter>Header Files</Filter>
    </ClInclude>
    <ClInclude Include="PanelFinancialChart.h">
      <Filter>Header Files</Filter>
    </ClInclude>
    <ClInclude Include="FrameMain.h">
      <Filter>Header Files</Filter>
    </ClInclude>
    <ClInclude Include="ControllerPortfolioPositionOrderExecution.h">
      <Filter>Header Files</Filter>
    </ClInclude>
    <ClInclude Include="ModelPortfolioPositionOrderExecution.h">
      <Filter>Header Files</Filter>
    </ClInclude>
    <ClInclude Include="VuTreePortfolioPositionOrder.h">
      <Filter>Header Files</Filter>
    </ClInclude>
    <ClInclude Include="DataViewItem.h">
      <Filter>Header Files</Filter>
    </ClInclude>
  </ItemGroup>
  <ItemGroup>
    <ClCompile Include="stdafx.cpp">
      <Filter>Source Files</Filter>
    </ClCompile>
    <ClCompile Include="ModelBase.cpp">
      <Filter>Source Files</Filter>
    </ClCompile>
    <ClCompile Include="ModelExecution.cpp">
      <Filter>Source Files</Filter>
    </ClCompile>
    <ClCompile Include="ModelOrder.cpp">
      <Filter>Source Files</Filter>
    </ClCompile>
    <ClCompile Include="ModelPortfolio.cpp">
      <Filter>Source Files</Filter>
    </ClCompile>
    <ClCompile Include="ModelPosition.cpp">
      <Filter>Source Files</Filter>
    </ClCompile>
    <ClCompile Include="VuBase.cpp">
      <Filter>Source Files</Filter>
    </ClCompile>
    <ClCompile Include="VuExecutions.cpp">
      <Filter>Source Files</Filter>
    </ClCompile>
    <ClCompile Include="VuOrders.cpp">
      <Filter>Source Files</Filter>
    </ClCompile>
    <ClCompile Include="VuPortfolios.cpp">
      <Filter>Source Files</Filter>
    </ClCompile>
    <ClCompile Include="VuPositions.cpp">
      <Filter>Source Files</Filter>
    </ClCompile>
    <ClCompile Include="PanelPortfolioPositionOrderExecution.cpp">
      <Filter>Source Files</Filter>
    </ClCompile>
    <ClCompile Include="PanelProviderControl.cpp">
      <Filter>Source Files</Filter>
    </ClCompile>
    <ClCompile Include="PanelManualOrder.cpp">
      <Filter>Source Files</Filter>
    </ClCompile>
    <ClCompile Include="ValidatorInstrumentName.cpp">
      <Filter>Source Files</Filter>
    </ClCompile>
    <ClCompile Include="PanelLogging.cpp">
      <Filter>Source Files</Filter>
    </ClCompile>
    <ClCompile Include="PanelFinancialChart.cpp">
      <Filter>Source Files</Filter>
    </ClCompile>
    <ClCompile Include="FrameMain.cpp">
      <Filter>Source Files</Filter>
    </ClCompile>
    <ClCompile Include="ControllerPortfolioPositionOrderExecution.cpp">
      <Filter>Source Files</Filter>
    </ClCompile>
    <ClCompile Include="ModelPortfolioPositionOrderExecution.cpp">
      <Filter>Source Files</Filter>
    </ClCompile>
    <ClCompile Include="VuTreePortfolioPositionOrder.cpp">
      <Filter>Source Files</Filter>
    </ClCompile>
  </ItemGroup>
</Project>